// !$*UTF8*$!
{
	archiveVersion = 1;
	classes = {
	};
	objectVersion = 46;
	objects = {

/* Begin PBXBuildFile section */
		733021501B2C3A5E007FE24C /* Discover.m in Sources */ = {isa = PBXBuildFile; fileRef = 7330214F1B2C3A5E007FE24C /* Discover.m */; };
		733021531B2C3C07007FE24C /* FindCell+Config.m in Sources */ = {isa = PBXBuildFile; fileRef = 733021521B2C3C07007FE24C /* FindCell+Config.m */; };
		733021561B2CAD71007FE24C /* SendTwitterViewController.m in Sources */ = {isa = PBXBuildFile; fileRef = 733021551B2CAD71007FE24C /* SendTwitterViewController.m */; };
		7341C1961B1371A500E199DF /* Login_background.png in Resources */ = {isa = PBXBuildFile; fileRef = 7341C1951B1371A500E199DF /* Login_background.png */; };
		7361D0781B1774F8000AF2EC /* nav_scanIcon.png in Resources */ = {isa = PBXBuildFile; fileRef = 7361D0771B1774F8000AF2EC /* nav_scanIcon.png */; };
		7361D07A1B17763E000AF2EC /* nav_background.png in Resources */ = {isa = PBXBuildFile; fileRef = 7361D0791B17763E000AF2EC /* nav_background.png */; };
		73A2F2511B3E8A9F004E6555 /* SettingTableViewController.m in Sources */ = {isa = PBXBuildFile; fileRef = 73A2F2501B3E8A9F004E6555 /* SettingTableViewController.m */; };
		73A2F25A1B3EDCAF004E6555 /* OfficeViewController.m in Sources */ = {isa = PBXBuildFile; fileRef = 73A2F2591B3EDCAF004E6555 /* OfficeViewController.m */; };
		73BBEA281B29DE4C00F7373A /* FindCell.m in Sources */ = {isa = PBXBuildFile; fileRef = 73BBEA271B29DE4C00F7373A /* FindCell.m */; };
		941A806B1B3142DC00F15E3E /* NotificationManager.m in Sources */ = {isa = PBXBuildFile; fileRef = 941A806A1B3142DC00F15E3E /* NotificationManager.m */; };
		941C9D5C1B0F7864002021DE /* NSString+Extensions.m in Sources */ = {isa = PBXBuildFile; fileRef = 941C9D5B1B0F7864002021DE /* NSString+Extensions.m */; };
		941C9D601B0F7906002021DE /* CustomAlert.m in Sources */ = {isa = PBXBuildFile; fileRef = 941C9D5F1B0F7906002021DE /* CustomAlert.m */; };
		941C9D651B0F81ED002021DE /* RegisterViewController.m in Sources */ = {isa = PBXBuildFile; fileRef = 941C9D631B0F81ED002021DE /* RegisterViewController.m */; };
		941C9D661B0F81ED002021DE /* RegisterViewController.xib in Resources */ = {isa = PBXBuildFile; fileRef = 941C9D641B0F81ED002021DE /* RegisterViewController.xib */; };
		941C9D6B1B1035CC002021DE /* CustomTextField.m in Sources */ = {isa = PBXBuildFile; fileRef = 941C9D6A1B1035CC002021DE /* CustomTextField.m */; };
		941C9D961B130C4C002021DE /* ResetPasswordViewController.m in Sources */ = {isa = PBXBuildFile; fileRef = 941C9D941B130C4C002021DE /* ResetPasswordViewController.m */; };
		941C9D971B130C4C002021DE /* ResetPasswordViewController.xib in Resources */ = {isa = PBXBuildFile; fileRef = 941C9D951B130C4C002021DE /* ResetPasswordViewController.xib */; };
		9423F6751B2C3017000D8556 /* BorrowBookDetailViewController.m in Sources */ = {isa = PBXBuildFile; fileRef = 9423F6741B2C3017000D8556 /* BorrowBookDetailViewController.m */; };
		9423F6781B2C3959000D8556 /* BorrowFromPersonViewController.m in Sources */ = {isa = PBXBuildFile; fileRef = 9423F6771B2C3959000D8556 /* BorrowFromPersonViewController.m */; };
		9423F67B1B2C6AAD000D8556 /* BorrowFromPersonTableViewCell.m in Sources */ = {isa = PBXBuildFile; fileRef = 9423F67A1B2C6AAD000D8556 /* BorrowFromPersonTableViewCell.m */; };
		942BBCBA1B17031000F490CF /* BookService.m in Sources */ = {isa = PBXBuildFile; fileRef = 942BBCB91B17031000F490CF /* BookService.m */; };
		942BBCBD1B17F90D00F490CF /* BookEntity.m in Sources */ = {isa = PBXBuildFile; fileRef = 942BBCBC1B17F90D00F490CF /* BookEntity.m */; };
		942BBCC01B180FC600F490CF /* AVQuery+Extensions.m in Sources */ = {isa = PBXBuildFile; fileRef = 942BBCBF1B180FC600F490CF /* AVQuery+Extensions.m */; };
		942BBDD01B1EF1E500F490CF /* MyBooksCollectionViewController.m in Sources */ = {isa = PBXBuildFile; fileRef = 942BBDCF1B1EF1E500F490CF /* MyBooksCollectionViewController.m */; };
		942BBDD41B1EF93E00F490CF /* MyBooksCollectionViewCell.m in Sources */ = {isa = PBXBuildFile; fileRef = 942BBDD31B1EF93E00F490CF /* MyBooksCollectionViewCell.m */; };
		945E14CE1B3D915300E2F866 /* BorrowOutTableViewCell.m in Sources */ = {isa = PBXBuildFile; fileRef = 945E14CD1B3D915300E2F866 /* BorrowOutTableViewCell.m */; };
		947BBB761B393BDC000AC785 /* MyBorrowInBooksTableViewController.m in Sources */ = {isa = PBXBuildFile; fileRef = 947BBB751B393BDC000AC785 /* MyBorrowInBooksTableViewController.m */; };
		947BBB791B393CAA000AC785 /* BorrowInTableViewCell.m in Sources */ = {isa = PBXBuildFile; fileRef = 947BBB781B393CAA000AC785 /* BorrowInTableViewCell.m */; };
		947BBB881B3A8BAC000AC785 /* MyBorrowOutTableViewController.m in Sources */ = {isa = PBXBuildFile; fileRef = 947BBB871B3A8BAC000AC785 /* MyBorrowOutTableViewController.m */; };
		947DA0AA1B354A9900CC9101 /* BorrowRecord.m in Sources */ = {isa = PBXBuildFile; fileRef = 947DA0A91B354A9900CC9101 /* BorrowRecord.m */; };
		949997061B09D3E500986337 /* main.m in Sources */ = {isa = PBXBuildFile; fileRef = 949997051B09D3E500986337 /* main.m */; };
		949997091B09D3E500986337 /* AppDelegate.m in Sources */ = {isa = PBXBuildFile; fileRef = 949997081B09D3E500986337 /* AppDelegate.m */; };
		949997111B09D3E500986337 /* Images.xcassets in Resources */ = {isa = PBXBuildFile; fileRef = 949997101B09D3E500986337 /* Images.xcassets */; };
		949997141B09D3E500986337 /* LaunchScreen.xib in Resources */ = {isa = PBXBuildFile; fileRef = 949997121B09D3E500986337 /* LaunchScreen.xib */; };
		949997201B09D3E500986337 /* TWJieShuQuanTests.m in Sources */ = {isa = PBXBuildFile; fileRef = 9499971F1B09D3E500986337 /* TWJieShuQuanTests.m */; };
		9499972E1B0AD08F00986337 /* Constants.m in Sources */ = {isa = PBXBuildFile; fileRef = 9499972D1B0AD08F00986337 /* Constants.m */; };
		949997391B0AD83700986337 /* LoginViewController.m in Sources */ = {isa = PBXBuildFile; fileRef = 949997371B0AD83700986337 /* LoginViewController.m */; };
		9499973A1B0AD83700986337 /* LoginViewController.xib in Resources */ = {isa = PBXBuildFile; fileRef = 949997381B0AD83700986337 /* LoginViewController.xib */; };
		9499975C1B0B237F00986337 /* AuthService.m in Sources */ = {isa = PBXBuildFile; fileRef = 9499975B1B0B237F00986337 /* AuthService.m */; };
		94C069711B140FF70047BCCB /* AVFoundation.framework in Frameworks */ = {isa = PBXBuildFile; fileRef = 94C069701B140FF60047BCCB /* AVFoundation.framework */; };
		94C069731B1410030047BCCB /* CoreMedia.framework in Frameworks */ = {isa = PBXBuildFile; fileRef = 94C069721B1410030047BCCB /* CoreMedia.framework */; };
		94C069751B14100B0047BCCB /* CoreVideo.framework in Frameworks */ = {isa = PBXBuildFile; fileRef = 94C069741B14100B0047BCCB /* CoreVideo.framework */; };
		94C069771B1410140047BCCB /* QuartzCore.framework in Frameworks */ = {isa = PBXBuildFile; fileRef = 94C069761B1410140047BCCB /* QuartzCore.framework */; };
		94C069791B14101C0047BCCB /* libiconv.dylib in Frameworks */ = {isa = PBXBuildFile; fileRef = 94C069781B14101C0047BCCB /* libiconv.dylib */; };
		94C069801B1411620047BCCB /* BorrowBookViewController.m in Sources */ = {isa = PBXBuildFile; fileRef = 94C0697E1B1411620047BCCB /* BorrowBookViewController.m */; };
		94C069831B1415200047BCCB /* test.png in Resources */ = {isa = PBXBuildFile; fileRef = 94C069821B1415200047BCCB /* test.png */; };
		94C069861B14175A0047BCCB /* LibzBar in Resources */ = {isa = PBXBuildFile; fileRef = 94C069851B14175A0047BCCB /* LibzBar */; };
		94C0698A1B1418F40047BCCB /* libzbar-universal.a in Frameworks */ = {isa = PBXBuildFile; fileRef = 94C069891B1418F40047BCCB /* libzbar-universal.a */; };
		94C0698D1B1450290047BCCB /* DouBanService.m in Sources */ = {isa = PBXBuildFile; fileRef = 94C0698C1B1450290047BCCB /* DouBanService.m */; };
		94C069901B145A960047BCCB /* CustomActivityIndicator.m in Sources */ = {isa = PBXBuildFile; fileRef = 94C0698F1B145A960047BCCB /* CustomActivityIndicator.m */; };
		94C069981B146A570047BCCB /* AddToLibraryViewController.m in Sources */ = {isa = PBXBuildFile; fileRef = 94C069961B146A570047BCCB /* AddToLibraryViewController.m */; };
		94C069991B146A570047BCCB /* AddToLibraryViewController.xib in Resources */ = {isa = PBXBuildFile; fileRef = 94C069971B146A570047BCCB /* AddToLibraryViewController.xib */; };
		94C0699D1B146AE30047BCCB /* Book.m in Sources */ = {isa = PBXBuildFile; fileRef = 94C0699C1B146AE30047BCCB /* Book.m */; };
		94C069A51B1567500047BCCB /* UserManager.m in Sources */ = {isa = PBXBuildFile; fileRef = 94C069A41B1567500047BCCB /* UserManager.m */; };
		94D9B7A31B4272A9001B0D4D /* PopularBooksTableViewController.m in Sources */ = {isa = PBXBuildFile; fileRef = 94D9B7A21B4272A9001B0D4D /* PopularBooksTableViewController.m */; };
		94D9B7A61B427334001B0D4D /* PopularBookTableViewCell.m in Sources */ = {isa = PBXBuildFile; fileRef = 94D9B7A51B427334001B0D4D /* PopularBookTableViewCell.m */; };
		94F75DEB1B329F0100B59A17 /* BorrowNotificationTableViewController.m in Sources */ = {isa = PBXBuildFile; fileRef = 94F75DEA1B329F0100B59A17 /* BorrowNotificationTableViewController.m */; };
		94F75DF21B32AD3A00B59A17 /* BorrowNotificationTableViewCell.m in Sources */ = {isa = PBXBuildFile; fileRef = 94F75DF11B32AD3A00B59A17 /* BorrowNotificationTableViewCell.m */; };
		A327D9611B295E9900358122 /* avatar.png in Resources */ = {isa = PBXBuildFile; fileRef = A327D9601B295E9900358122 /* avatar.png */; };
		A327D9631B29719500358122 /* stats.png in Resources */ = {isa = PBXBuildFile; fileRef = A327D9621B29719500358122 /* stats.png */; };
		A327D9651B29719A00358122 /* delete.png in Resources */ = {isa = PBXBuildFile; fileRef = A327D9641B29719A00358122 /* delete.png */; };
		A327D9681B29741B00358122 /* BookDetailViewController.m in Sources */ = {isa = PBXBuildFile; fileRef = A327D9671B29741B00358122 /* BookDetailViewController.m */; };
		A327D96B1B29762700358122 /* TWIconButton.m in Sources */ = {isa = PBXBuildFile; fileRef = A327D96A1B29762700358122 /* TWIconButton.m */; };
		A327D9811B2AD2E200358122 /* BookCommentCell.m in Sources */ = {isa = PBXBuildFile; fileRef = A327D9801B2AD2E200358122 /* BookCommentCell.m */; };
		A3C1E2EC1B16AF1100037DB5 /* main.storyboard in Resources */ = {isa = PBXBuildFile; fileRef = A3C1E2EB1B16AF1100037DB5 /* main.storyboard */; };
		A3C1E2F01B16B90300037DB5 /* FindViewController.m in Sources */ = {isa = PBXBuildFile; fileRef = A3C1E2EF1B16B90300037DB5 /* FindViewController.m */; };
		A3C1E2F61B16C9C200037DB5 /* ProfileTableViewController.m in Sources */ = {isa = PBXBuildFile; fileRef = A3C1E2F51B16C9C200037DB5 /* ProfileTableViewController.m */; };
		A3C961681B3A5C36002CA409 /* BookDetailModel.m in Sources */ = {isa = PBXBuildFile; fileRef = A3C961671B3A5C36002CA409 /* BookDetailModel.m */; };
		A3D1C97F1B1C242700923AD5 /* borrow_message_bg.png in Resources */ = {isa = PBXBuildFile; fileRef = A3D1C97C1B1C242700923AD5 /* borrow_message_bg.png */; };
		A3D1C9801B1C242700923AD5 /* return_message_bg.png in Resources */ = {isa = PBXBuildFile; fileRef = A3D1C97D1B1C242700923AD5 /* return_message_bg.png */; };
		A3D1C9811B1C242700923AD5 /* scan.png in Resources */ = {isa = PBXBuildFile; fileRef = A3D1C97E1B1C242700923AD5 /* scan.png */; };
		B714934EFC12E452642DEA2E /* AppConstants.m in Sources */ = {isa = PBXBuildFile; fileRef = B71492E4E8761728E9099087 /* AppConstants.m */; };
		D7428E75F23E9FBCF5D85B55 /* libPods-TWJieShuQuan.a in Frameworks */ = {isa = PBXBuildFile; fileRef = 40039659AA37C1DFCEA6322D /* libPods-TWJieShuQuan.a */; };
/* End PBXBuildFile section */

/* Begin PBXContainerItemProxy section */
		9499971A1B09D3E500986337 /* PBXContainerItemProxy */ = {
			isa = PBXContainerItemProxy;
			containerPortal = 949996F81B09D3E500986337 /* Project object */;
			proxyType = 1;
			remoteGlobalIDString = 949996FF1B09D3E500986337;
			remoteInfo = TWJieShuQuan;
		};
/* End PBXContainerItemProxy section */

/* Begin PBXFileReference section */
		40039659AA37C1DFCEA6322D /* libPods-TWJieShuQuan.a */ = {isa = PBXFileReference; explicitFileType = archive.ar; includeInIndex = 0; path = "libPods-TWJieShuQuan.a"; sourceTree = BUILT_PRODUCTS_DIR; };
		7330214E1B2C3A5E007FE24C /* Discover.h */ = {isa = PBXFileReference; fileEncoding = 4; lastKnownFileType = sourcecode.c.h; path = Discover.h; sourceTree = "<group>"; };
		7330214F1B2C3A5E007FE24C /* Discover.m */ = {isa = PBXFileReference; fileEncoding = 4; lastKnownFileType = sourcecode.c.objc; path = Discover.m; sourceTree = "<group>"; };
		733021511B2C3C07007FE24C /* FindCell+Config.h */ = {isa = PBXFileReference; fileEncoding = 4; lastKnownFileType = sourcecode.c.h; path = "FindCell+Config.h"; sourceTree = "<group>"; };
		733021521B2C3C07007FE24C /* FindCell+Config.m */ = {isa = PBXFileReference; fileEncoding = 4; lastKnownFileType = sourcecode.c.objc; path = "FindCell+Config.m"; sourceTree = "<group>"; };
		733021541B2CAD71007FE24C /* SendTwitterViewController.h */ = {isa = PBXFileReference; fileEncoding = 4; lastKnownFileType = sourcecode.c.h; path = SendTwitterViewController.h; sourceTree = "<group>"; };
		733021551B2CAD71007FE24C /* SendTwitterViewController.m */ = {isa = PBXFileReference; fileEncoding = 4; lastKnownFileType = sourcecode.c.objc; path = SendTwitterViewController.m; sourceTree = "<group>"; };
		7341C1951B1371A500E199DF /* Login_background.png */ = {isa = PBXFileReference; lastKnownFileType = image.png; path = Login_background.png; sourceTree = "<group>"; };
		7361D0771B1774F8000AF2EC /* nav_scanIcon.png */ = {isa = PBXFileReference; lastKnownFileType = image.png; path = nav_scanIcon.png; sourceTree = "<group>"; };
		7361D0791B17763E000AF2EC /* nav_background.png */ = {isa = PBXFileReference; lastKnownFileType = image.png; path = nav_background.png; sourceTree = "<group>"; };
		73A2F24F1B3E8A9F004E6555 /* SettingTableViewController.h */ = {isa = PBXFileReference; fileEncoding = 4; lastKnownFileType = sourcecode.c.h; path = SettingTableViewController.h; sourceTree = "<group>"; };
		73A2F2501B3E8A9F004E6555 /* SettingTableViewController.m */ = {isa = PBXFileReference; fileEncoding = 4; lastKnownFileType = sourcecode.c.objc; path = SettingTableViewController.m; sourceTree = "<group>"; };
		73A2F2581B3EDCAF004E6555 /* OfficeViewController.h */ = {isa = PBXFileReference; fileEncoding = 4; lastKnownFileType = sourcecode.c.h; path = OfficeViewController.h; sourceTree = "<group>"; };
		73A2F2591B3EDCAF004E6555 /* OfficeViewController.m */ = {isa = PBXFileReference; fileEncoding = 4; lastKnownFileType = sourcecode.c.objc; path = OfficeViewController.m; sourceTree = "<group>"; };
		73BBEA261B29DE4C00F7373A /* FindCell.h */ = {isa = PBXFileReference; fileEncoding = 4; lastKnownFileType = sourcecode.c.h; path = FindCell.h; sourceTree = "<group>"; };
		73BBEA271B29DE4C00F7373A /* FindCell.m */ = {isa = PBXFileReference; fileEncoding = 4; lastKnownFileType = sourcecode.c.objc; path = FindCell.m; sourceTree = "<group>"; };
		941A80691B3142DC00F15E3E /* NotificationManager.h */ = {isa = PBXFileReference; fileEncoding = 4; lastKnownFileType = sourcecode.c.h; path = NotificationManager.h; sourceTree = "<group>"; };
		941A806A1B3142DC00F15E3E /* NotificationManager.m */ = {isa = PBXFileReference; fileEncoding = 4; lastKnownFileType = sourcecode.c.objc; path = NotificationManager.m; sourceTree = "<group>"; };
		941C9D5A1B0F7864002021DE /* NSString+Extensions.h */ = {isa = PBXFileReference; fileEncoding = 4; lastKnownFileType = sourcecode.c.h; name = "NSString+Extensions.h"; path = "Extensions/NSString+Extensions.h"; sourceTree = "<group>"; };
		941C9D5B1B0F7864002021DE /* NSString+Extensions.m */ = {isa = PBXFileReference; fileEncoding = 4; lastKnownFileType = sourcecode.c.objc; name = "NSString+Extensions.m"; path = "Extensions/NSString+Extensions.m"; sourceTree = "<group>"; };
		941C9D5E1B0F7906002021DE /* CustomAlert.h */ = {isa = PBXFileReference; fileEncoding = 4; lastKnownFileType = sourcecode.c.h; path = CustomAlert.h; sourceTree = "<group>"; };
		941C9D5F1B0F7906002021DE /* CustomAlert.m */ = {isa = PBXFileReference; fileEncoding = 4; lastKnownFileType = sourcecode.c.objc; path = CustomAlert.m; sourceTree = "<group>"; };
		941C9D621B0F81ED002021DE /* RegisterViewController.h */ = {isa = PBXFileReference; fileEncoding = 4; lastKnownFileType = sourcecode.c.h; name = RegisterViewController.h; path = Authentication/Controllers/RegisterViewController.h; sourceTree = "<group>"; };
		941C9D631B0F81ED002021DE /* RegisterViewController.m */ = {isa = PBXFileReference; fileEncoding = 4; lastKnownFileType = sourcecode.c.objc; name = RegisterViewController.m; path = Authentication/Controllers/RegisterViewController.m; sourceTree = "<group>"; };
		941C9D641B0F81ED002021DE /* RegisterViewController.xib */ = {isa = PBXFileReference; fileEncoding = 4; lastKnownFileType = file.xib; name = RegisterViewController.xib; path = Authentication/Controllers/RegisterViewController.xib; sourceTree = "<group>"; };
		941C9D691B1035CC002021DE /* CustomTextField.h */ = {isa = PBXFileReference; fileEncoding = 4; lastKnownFileType = sourcecode.c.h; name = CustomTextField.h; path = ViewHelpers/CustomTextField.h; sourceTree = "<group>"; };
		941C9D6A1B1035CC002021DE /* CustomTextField.m */ = {isa = PBXFileReference; fileEncoding = 4; lastKnownFileType = sourcecode.c.objc; name = CustomTextField.m; path = ViewHelpers/CustomTextField.m; sourceTree = "<group>"; };
		941C9D931B130C4C002021DE /* ResetPasswordViewController.h */ = {isa = PBXFileReference; fileEncoding = 4; lastKnownFileType = sourcecode.c.h; name = ResetPasswordViewController.h; path = Authentication/Controllers/ResetPasswordViewController.h; sourceTree = "<group>"; };
		941C9D941B130C4C002021DE /* ResetPasswordViewController.m */ = {isa = PBXFileReference; fileEncoding = 4; lastKnownFileType = sourcecode.c.objc; name = ResetPasswordViewController.m; path = Authentication/Controllers/ResetPasswordViewController.m; sourceTree = "<group>"; };
		941C9D951B130C4C002021DE /* ResetPasswordViewController.xib */ = {isa = PBXFileReference; fileEncoding = 4; lastKnownFileType = file.xib; name = ResetPasswordViewController.xib; path = Authentication/Controllers/ResetPasswordViewController.xib; sourceTree = "<group>"; };
		9423F6731B2C3017000D8556 /* BorrowBookDetailViewController.h */ = {isa = PBXFileReference; fileEncoding = 4; lastKnownFileType = sourcecode.c.h; name = BorrowBookDetailViewController.h; path = books/BorrowBookDetailViewController.h; sourceTree = "<group>"; };
		9423F6741B2C3017000D8556 /* BorrowBookDetailViewController.m */ = {isa = PBXFileReference; fileEncoding = 4; lastKnownFileType = sourcecode.c.objc; name = BorrowBookDetailViewController.m; path = books/BorrowBookDetailViewController.m; sourceTree = "<group>"; };
		9423F6761B2C3959000D8556 /* BorrowFromPersonViewController.h */ = {isa = PBXFileReference; fileEncoding = 4; lastKnownFileType = sourcecode.c.h; name = BorrowFromPersonViewController.h; path = books/BorrowFromPersonViewController.h; sourceTree = "<group>"; };
		9423F6771B2C3959000D8556 /* BorrowFromPersonViewController.m */ = {isa = PBXFileReference; fileEncoding = 4; lastKnownFileType = sourcecode.c.objc; name = BorrowFromPersonViewController.m; path = books/BorrowFromPersonViewController.m; sourceTree = "<group>"; };
		9423F6791B2C6AAD000D8556 /* BorrowFromPersonTableViewCell.h */ = {isa = PBXFileReference; fileEncoding = 4; lastKnownFileType = sourcecode.c.h; name = BorrowFromPersonTableViewCell.h; path = books/BorrowFromPersonTableViewCell.h; sourceTree = "<group>"; };
		9423F67A1B2C6AAD000D8556 /* BorrowFromPersonTableViewCell.m */ = {isa = PBXFileReference; fileEncoding = 4; lastKnownFileType = sourcecode.c.objc; name = BorrowFromPersonTableViewCell.m; path = books/BorrowFromPersonTableViewCell.m; sourceTree = "<group>"; };
		942BBCB81B17031000F490CF /* BookService.h */ = {isa = PBXFileReference; fileEncoding = 4; lastKnownFileType = sourcecode.c.h; path = BookService.h; sourceTree = "<group>"; };
		942BBCB91B17031000F490CF /* BookService.m */ = {isa = PBXFileReference; fileEncoding = 4; lastKnownFileType = sourcecode.c.objc; path = BookService.m; sourceTree = "<group>"; };
		942BBCBB1B17F90D00F490CF /* BookEntity.h */ = {isa = PBXFileReference; fileEncoding = 4; lastKnownFileType = sourcecode.c.h; path = BookEntity.h; sourceTree = "<group>"; };
		942BBCBC1B17F90D00F490CF /* BookEntity.m */ = {isa = PBXFileReference; fileEncoding = 4; lastKnownFileType = sourcecode.c.objc; path = BookEntity.m; sourceTree = "<group>"; };
		942BBCBE1B180FC600F490CF /* AVQuery+Extensions.h */ = {isa = PBXFileReference; fileEncoding = 4; lastKnownFileType = sourcecode.c.h; path = "AVQuery+Extensions.h"; sourceTree = "<group>"; };
		942BBCBF1B180FC600F490CF /* AVQuery+Extensions.m */ = {isa = PBXFileReference; fileEncoding = 4; lastKnownFileType = sourcecode.c.objc; path = "AVQuery+Extensions.m"; sourceTree = "<group>"; };
		942BBDCE1B1EF1E500F490CF /* MyBooksCollectionViewController.h */ = {isa = PBXFileReference; fileEncoding = 4; lastKnownFileType = sourcecode.c.h; path = MyBooksCollectionViewController.h; sourceTree = "<group>"; };
		942BBDCF1B1EF1E500F490CF /* MyBooksCollectionViewController.m */ = {isa = PBXFileReference; fileEncoding = 4; lastKnownFileType = sourcecode.c.objc; path = MyBooksCollectionViewController.m; sourceTree = "<group>"; };
		942BBDD21B1EF93E00F490CF /* MyBooksCollectionViewCell.h */ = {isa = PBXFileReference; fileEncoding = 4; lastKnownFileType = sourcecode.c.h; path = MyBooksCollectionViewCell.h; sourceTree = "<group>"; };
		942BBDD31B1EF93E00F490CF /* MyBooksCollectionViewCell.m */ = {isa = PBXFileReference; fileEncoding = 4; lastKnownFileType = sourcecode.c.objc; path = MyBooksCollectionViewCell.m; sourceTree = "<group>"; };
		945E14CC1B3D915300E2F866 /* BorrowOutTableViewCell.h */ = {isa = PBXFileReference; fileEncoding = 4; lastKnownFileType = sourcecode.c.h; path = BorrowOutTableViewCell.h; sourceTree = "<group>"; };
		945E14CD1B3D915300E2F866 /* BorrowOutTableViewCell.m */ = {isa = PBXFileReference; fileEncoding = 4; lastKnownFileType = sourcecode.c.objc; path = BorrowOutTableViewCell.m; sourceTree = "<group>"; };
		947BBB741B393BDC000AC785 /* MyBorrowInBooksTableViewController.h */ = {isa = PBXFileReference; fileEncoding = 4; lastKnownFileType = sourcecode.c.h; path = MyBorrowInBooksTableViewController.h; sourceTree = "<group>"; };
		947BBB751B393BDC000AC785 /* MyBorrowInBooksTableViewController.m */ = {isa = PBXFileReference; fileEncoding = 4; lastKnownFileType = sourcecode.c.objc; path = MyBorrowInBooksTableViewController.m; sourceTree = "<group>"; };
		947BBB771B393CAA000AC785 /* BorrowInTableViewCell.h */ = {isa = PBXFileReference; fileEncoding = 4; lastKnownFileType = sourcecode.c.h; path = BorrowInTableViewCell.h; sourceTree = "<group>"; };
		947BBB781B393CAA000AC785 /* BorrowInTableViewCell.m */ = {isa = PBXFileReference; fileEncoding = 4; lastKnownFileType = sourcecode.c.objc; path = BorrowInTableViewCell.m; sourceTree = "<group>"; };
		947BBB861B3A8BAC000AC785 /* MyBorrowOutTableViewController.h */ = {isa = PBXFileReference; fileEncoding = 4; lastKnownFileType = sourcecode.c.h; path = MyBorrowOutTableViewController.h; sourceTree = "<group>"; };
		947BBB871B3A8BAC000AC785 /* MyBorrowOutTableViewController.m */ = {isa = PBXFileReference; fileEncoding = 4; lastKnownFileType = sourcecode.c.objc; path = MyBorrowOutTableViewController.m; sourceTree = "<group>"; };
		947DA0A81B354A9900CC9101 /* BorrowRecord.h */ = {isa = PBXFileReference; fileEncoding = 4; lastKnownFileType = sourcecode.c.h; path = BorrowRecord.h; sourceTree = "<group>"; };
		947DA0A91B354A9900CC9101 /* BorrowRecord.m */ = {isa = PBXFileReference; fileEncoding = 4; lastKnownFileType = sourcecode.c.objc; path = BorrowRecord.m; sourceTree = "<group>"; };
		949997001B09D3E500986337 /* TWJieShuQuan.app */ = {isa = PBXFileReference; explicitFileType = wrapper.application; includeInIndex = 0; path = TWJieShuQuan.app; sourceTree = BUILT_PRODUCTS_DIR; };
		949997041B09D3E500986337 /* Info.plist */ = {isa = PBXFileReference; lastKnownFileType = text.plist.xml; path = Info.plist; sourceTree = "<group>"; };
		949997051B09D3E500986337 /* main.m */ = {isa = PBXFileReference; lastKnownFileType = sourcecode.c.objc; path = main.m; sourceTree = "<group>"; };
		949997071B09D3E500986337 /* AppDelegate.h */ = {isa = PBXFileReference; lastKnownFileType = sourcecode.c.h; path = AppDelegate.h; sourceTree = "<group>"; };
		949997081B09D3E500986337 /* AppDelegate.m */ = {isa = PBXFileReference; lastKnownFileType = sourcecode.c.objc; path = AppDelegate.m; sourceTree = "<group>"; };
		949997101B09D3E500986337 /* Images.xcassets */ = {isa = PBXFileReference; lastKnownFileType = folder.assetcatalog; path = Images.xcassets; sourceTree = "<group>"; };
		949997131B09D3E500986337 /* Base */ = {isa = PBXFileReference; lastKnownFileType = file.xib; name = Base; path = Base.lproj/LaunchScreen.xib; sourceTree = "<group>"; };
		949997191B09D3E500986337 /* TWJieShuQuanTests.xctest */ = {isa = PBXFileReference; explicitFileType = wrapper.cfbundle; includeInIndex = 0; path = TWJieShuQuanTests.xctest; sourceTree = BUILT_PRODUCTS_DIR; };
		9499971E1B09D3E500986337 /* Info.plist */ = {isa = PBXFileReference; lastKnownFileType = text.plist.xml; path = Info.plist; sourceTree = "<group>"; };
		9499971F1B09D3E500986337 /* TWJieShuQuanTests.m */ = {isa = PBXFileReference; lastKnownFileType = sourcecode.c.objc; path = TWJieShuQuanTests.m; sourceTree = "<group>"; };
		9499972C1B0AD08F00986337 /* Constants.h */ = {isa = PBXFileReference; fileEncoding = 4; lastKnownFileType = sourcecode.c.h; path = Constants.h; sourceTree = "<group>"; };
		9499972D1B0AD08F00986337 /* Constants.m */ = {isa = PBXFileReference; fileEncoding = 4; lastKnownFileType = sourcecode.c.objc; path = Constants.m; sourceTree = "<group>"; };
		949997361B0AD83700986337 /* LoginViewController.h */ = {isa = PBXFileReference; fileEncoding = 4; lastKnownFileType = sourcecode.c.h; name = LoginViewController.h; path = Authentication/Controllers/LoginViewController.h; sourceTree = "<group>"; };
		949997371B0AD83700986337 /* LoginViewController.m */ = {isa = PBXFileReference; fileEncoding = 4; lastKnownFileType = sourcecode.c.objc; name = LoginViewController.m; path = Authentication/Controllers/LoginViewController.m; sourceTree = "<group>"; };
		949997381B0AD83700986337 /* LoginViewController.xib */ = {isa = PBXFileReference; fileEncoding = 4; lastKnownFileType = file.xib; name = LoginViewController.xib; path = Authentication/Controllers/LoginViewController.xib; sourceTree = "<group>"; };
		9499975A1B0B237F00986337 /* AuthService.h */ = {isa = PBXFileReference; fileEncoding = 4; lastKnownFileType = sourcecode.c.h; name = AuthService.h; path = Authentication/Services/AuthService.h; sourceTree = "<group>"; };
		9499975B1B0B237F00986337 /* AuthService.m */ = {isa = PBXFileReference; fileEncoding = 4; lastKnownFileType = sourcecode.c.objc; name = AuthService.m; path = Authentication/Services/AuthService.m; sourceTree = "<group>"; };
		94C069701B140FF60047BCCB /* AVFoundation.framework */ = {isa = PBXFileReference; lastKnownFileType = wrapper.framework; name = AVFoundation.framework; path = System/Library/Frameworks/AVFoundation.framework; sourceTree = SDKROOT; };
		94C069721B1410030047BCCB /* CoreMedia.framework */ = {isa = PBXFileReference; lastKnownFileType = wrapper.framework; name = CoreMedia.framework; path = System/Library/Frameworks/CoreMedia.framework; sourceTree = SDKROOT; };
		94C069741B14100B0047BCCB /* CoreVideo.framework */ = {isa = PBXFileReference; lastKnownFileType = wrapper.framework; name = CoreVideo.framework; path = System/Library/Frameworks/CoreVideo.framework; sourceTree = SDKROOT; };
		94C069761B1410140047BCCB /* QuartzCore.framework */ = {isa = PBXFileReference; lastKnownFileType = wrapper.framework; name = QuartzCore.framework; path = System/Library/Frameworks/QuartzCore.framework; sourceTree = SDKROOT; };
		94C069781B14101C0047BCCB /* libiconv.dylib */ = {isa = PBXFileReference; lastKnownFileType = "compiled.mach-o.dylib"; name = libiconv.dylib; path = usr/lib/libiconv.dylib; sourceTree = SDKROOT; };
		94C0697D1B1411620047BCCB /* BorrowBookViewController.h */ = {isa = PBXFileReference; fileEncoding = 4; lastKnownFileType = sourcecode.c.h; path = BorrowBookViewController.h; sourceTree = "<group>"; };
		94C0697E1B1411620047BCCB /* BorrowBookViewController.m */ = {isa = PBXFileReference; fileEncoding = 4; lastKnownFileType = sourcecode.c.objc; path = BorrowBookViewController.m; sourceTree = "<group>"; };
		94C069821B1415200047BCCB /* test.png */ = {isa = PBXFileReference; lastKnownFileType = image.png; path = test.png; sourceTree = "<group>"; };
		94C069851B14175A0047BCCB /* LibzBar */ = {isa = PBXFileReference; lastKnownFileType = folder; path = LibzBar; sourceTree = "<group>"; };
		94C069891B1418F40047BCCB /* libzbar-universal.a */ = {isa = PBXFileReference; lastKnownFileType = archive.ar; name = "libzbar-universal.a"; path = "Libaries/LibzBar/libzbar-universal.a"; sourceTree = "<group>"; };
		94C0698B1B1450290047BCCB /* DouBanService.h */ = {isa = PBXFileReference; fileEncoding = 4; lastKnownFileType = sourcecode.c.h; name = DouBanService.h; path = Services/DouBanService.h; sourceTree = "<group>"; };
		94C0698C1B1450290047BCCB /* DouBanService.m */ = {isa = PBXFileReference; fileEncoding = 4; lastKnownFileType = sourcecode.c.objc; name = DouBanService.m; path = Services/DouBanService.m; sourceTree = "<group>"; };
		94C0698E1B145A960047BCCB /* CustomActivityIndicator.h */ = {isa = PBXFileReference; fileEncoding = 4; lastKnownFileType = sourcecode.c.h; path = CustomActivityIndicator.h; sourceTree = "<group>"; };
		94C0698F1B145A960047BCCB /* CustomActivityIndicator.m */ = {isa = PBXFileReference; fileEncoding = 4; lastKnownFileType = sourcecode.c.objc; path = CustomActivityIndicator.m; sourceTree = "<group>"; };
		94C069951B146A570047BCCB /* AddToLibraryViewController.h */ = {isa = PBXFileReference; fileEncoding = 4; lastKnownFileType = sourcecode.c.h; name = AddToLibraryViewController.h; path = books/AddToLibraryViewController.h; sourceTree = "<group>"; };
		94C069961B146A570047BCCB /* AddToLibraryViewController.m */ = {isa = PBXFileReference; fileEncoding = 4; lastKnownFileType = sourcecode.c.objc; name = AddToLibraryViewController.m; path = books/AddToLibraryViewController.m; sourceTree = "<group>"; };
		94C069971B146A570047BCCB /* AddToLibraryViewController.xib */ = {isa = PBXFileReference; fileEncoding = 4; lastKnownFileType = file.xib; name = AddToLibraryViewController.xib; path = books/AddToLibraryViewController.xib; sourceTree = "<group>"; };
		94C0699B1B146AE30047BCCB /* Book.h */ = {isa = PBXFileReference; fileEncoding = 4; lastKnownFileType = sourcecode.c.h; path = Book.h; sourceTree = "<group>"; };
		94C0699C1B146AE30047BCCB /* Book.m */ = {isa = PBXFileReference; fileEncoding = 4; lastKnownFileType = sourcecode.c.objc; path = Book.m; sourceTree = "<group>"; };
		94C069A31B1567500047BCCB /* UserManager.h */ = {isa = PBXFileReference; fileEncoding = 4; lastKnownFileType = sourcecode.c.h; path = UserManager.h; sourceTree = "<group>"; };
		94C069A41B1567500047BCCB /* UserManager.m */ = {isa = PBXFileReference; fileEncoding = 4; lastKnownFileType = sourcecode.c.objc; path = UserManager.m; sourceTree = "<group>"; };
		94D9B7A11B4272A9001B0D4D /* PopularBooksTableViewController.h */ = {isa = PBXFileReference; fileEncoding = 4; lastKnownFileType = sourcecode.c.h; path = PopularBooksTableViewController.h; sourceTree = "<group>"; };
		94D9B7A21B4272A9001B0D4D /* PopularBooksTableViewController.m */ = {isa = PBXFileReference; fileEncoding = 4; lastKnownFileType = sourcecode.c.objc; path = PopularBooksTableViewController.m; sourceTree = "<group>"; };
		94D9B7A41B427334001B0D4D /* PopularBookTableViewCell.h */ = {isa = PBXFileReference; fileEncoding = 4; lastKnownFileType = sourcecode.c.h; path = PopularBookTableViewCell.h; sourceTree = "<group>"; };
		94D9B7A51B427334001B0D4D /* PopularBookTableViewCell.m */ = {isa = PBXFileReference; fileEncoding = 4; lastKnownFileType = sourcecode.c.objc; path = PopularBookTableViewCell.m; sourceTree = "<group>"; };
		94F75DE91B329F0100B59A17 /* BorrowNotificationTableViewController.h */ = {isa = PBXFileReference; fileEncoding = 4; lastKnownFileType = sourcecode.c.h; path = BorrowNotificationTableViewController.h; sourceTree = "<group>"; };
		94F75DEA1B329F0100B59A17 /* BorrowNotificationTableViewController.m */ = {isa = PBXFileReference; fileEncoding = 4; lastKnownFileType = sourcecode.c.objc; path = BorrowNotificationTableViewController.m; sourceTree = "<group>"; };
		94F75DF01B32AD3A00B59A17 /* BorrowNotificationTableViewCell.h */ = {isa = PBXFileReference; fileEncoding = 4; lastKnownFileType = sourcecode.c.h; path = BorrowNotificationTableViewCell.h; sourceTree = "<group>"; };
		94F75DF11B32AD3A00B59A17 /* BorrowNotificationTableViewCell.m */ = {isa = PBXFileReference; fileEncoding = 4; lastKnownFileType = sourcecode.c.objc; path = BorrowNotificationTableViewCell.m; sourceTree = "<group>"; };
		A327D9601B295E9900358122 /* avatar.png */ = {isa = PBXFileReference; lastKnownFileType = image.png; name = avatar.png; path = TWJieShuQuan/avatar.png; sourceTree = SOURCE_ROOT; };
		A327D9621B29719500358122 /* stats.png */ = {isa = PBXFileReference; lastKnownFileType = image.png; path = stats.png; sourceTree = "<group>"; };
		A327D9641B29719A00358122 /* delete.png */ = {isa = PBXFileReference; lastKnownFileType = image.png; path = delete.png; sourceTree = "<group>"; };
		A327D9661B29741B00358122 /* BookDetailViewController.h */ = {isa = PBXFileReference; fileEncoding = 4; lastKnownFileType = sourcecode.c.h; path = BookDetailViewController.h; sourceTree = "<group>"; };
		A327D9671B29741B00358122 /* BookDetailViewController.m */ = {isa = PBXFileReference; fileEncoding = 4; lastKnownFileType = sourcecode.c.objc; path = BookDetailViewController.m; sourceTree = "<group>"; };
		A327D9691B29762700358122 /* TWIconButton.h */ = {isa = PBXFileReference; fileEncoding = 4; lastKnownFileType = sourcecode.c.h; path = TWIconButton.h; sourceTree = "<group>"; };
		A327D96A1B29762700358122 /* TWIconButton.m */ = {isa = PBXFileReference; fileEncoding = 4; lastKnownFileType = sourcecode.c.objc; path = TWIconButton.m; sourceTree = "<group>"; };
		A327D97F1B2AD2E200358122 /* BookCommentCell.h */ = {isa = PBXFileReference; fileEncoding = 4; lastKnownFileType = sourcecode.c.h; path = BookCommentCell.h; sourceTree = "<group>"; };
		A327D9801B2AD2E200358122 /* BookCommentCell.m */ = {isa = PBXFileReference; fileEncoding = 4; lastKnownFileType = sourcecode.c.objc; path = BookCommentCell.m; sourceTree = "<group>"; };
		A3C1E2EB1B16AF1100037DB5 /* main.storyboard */ = {isa = PBXFileReference; fileEncoding = 4; lastKnownFileType = file.storyboard; path = main.storyboard; sourceTree = "<group>"; };
		A3C1E2EE1B16B90300037DB5 /* FindViewController.h */ = {isa = PBXFileReference; fileEncoding = 4; lastKnownFileType = sourcecode.c.h; path = FindViewController.h; sourceTree = "<group>"; };
		A3C1E2EF1B16B90300037DB5 /* FindViewController.m */ = {isa = PBXFileReference; fileEncoding = 4; lastKnownFileType = sourcecode.c.objc; path = FindViewController.m; sourceTree = "<group>"; };
		A3C1E2F41B16C9C200037DB5 /* ProfileTableViewController.h */ = {isa = PBXFileReference; fileEncoding = 4; lastKnownFileType = sourcecode.c.h; path = ProfileTableViewController.h; sourceTree = "<group>"; };
		A3C1E2F51B16C9C200037DB5 /* ProfileTableViewController.m */ = {isa = PBXFileReference; fileEncoding = 4; lastKnownFileType = sourcecode.c.objc; path = ProfileTableViewController.m; sourceTree = "<group>"; };
		A3C961661B3A5C36002CA409 /* BookDetailModel.h */ = {isa = PBXFileReference; fileEncoding = 4; lastKnownFileType = sourcecode.c.h; path = BookDetailModel.h; sourceTree = "<group>"; };
		A3C961671B3A5C36002CA409 /* BookDetailModel.m */ = {isa = PBXFileReference; fileEncoding = 4; lastKnownFileType = sourcecode.c.objc; path = BookDetailModel.m; sourceTree = "<group>"; };
		A3D1C97C1B1C242700923AD5 /* borrow_message_bg.png */ = {isa = PBXFileReference; lastKnownFileType = image.png; path = borrow_message_bg.png; sourceTree = "<group>"; };
		A3D1C97D1B1C242700923AD5 /* return_message_bg.png */ = {isa = PBXFileReference; lastKnownFileType = image.png; path = return_message_bg.png; sourceTree = "<group>"; };
		A3D1C97E1B1C242700923AD5 /* scan.png */ = {isa = PBXFileReference; lastKnownFileType = image.png; path = scan.png; sourceTree = "<group>"; };
		B71492E4E8761728E9099087 /* AppConstants.m */ = {isa = PBXFileReference; fileEncoding = 4; lastKnownFileType = sourcecode.c.objc; path = AppConstants.m; sourceTree = "<group>"; };
		B7149768D47CCDDCC3877FEC /* AppConstants.h */ = {isa = PBXFileReference; fileEncoding = 4; lastKnownFileType = sourcecode.c.h; path = AppConstants.h; sourceTree = "<group>"; };
		BF2F57A18609299496A9CF80 /* Pods-TWJieShuQuan.debug.xcconfig */ = {isa = PBXFileReference; includeInIndex = 1; lastKnownFileType = text.xcconfig; name = "Pods-TWJieShuQuan.debug.xcconfig"; path = "Pods/Target Support Files/Pods-TWJieShuQuan/Pods-TWJieShuQuan.debug.xcconfig"; sourceTree = "<group>"; };
		FD885F8C87A3D68AAE517265 /* Pods-TWJieShuQuan.release.xcconfig */ = {isa = PBXFileReference; includeInIndex = 1; lastKnownFileType = text.xcconfig; name = "Pods-TWJieShuQuan.release.xcconfig"; path = "Pods/Target Support Files/Pods-TWJieShuQuan/Pods-TWJieShuQuan.release.xcconfig"; sourceTree = "<group>"; };
/* End PBXFileReference section */

/* Begin PBXFrameworksBuildPhase section */
		949996FD1B09D3E500986337 /* Frameworks */ = {
			isa = PBXFrameworksBuildPhase;
			buildActionMask = 2147483647;
			files = (
				94C0698A1B1418F40047BCCB /* libzbar-universal.a in Frameworks */,
				94C069791B14101C0047BCCB /* libiconv.dylib in Frameworks */,
				94C069771B1410140047BCCB /* QuartzCore.framework in Frameworks */,
				94C069751B14100B0047BCCB /* CoreVideo.framework in Frameworks */,
				94C069731B1410030047BCCB /* CoreMedia.framework in Frameworks */,
				94C069711B140FF70047BCCB /* AVFoundation.framework in Frameworks */,
				D7428E75F23E9FBCF5D85B55 /* libPods-TWJieShuQuan.a in Frameworks */,
			);
			runOnlyForDeploymentPostprocessing = 0;
		};
		949997161B09D3E500986337 /* Frameworks */ = {
			isa = PBXFrameworksBuildPhase;
			buildActionMask = 2147483647;
			files = (
			);
			runOnlyForDeploymentPostprocessing = 0;
		};
/* End PBXFrameworksBuildPhase section */

/* Begin PBXGroup section */
		73A2F2481B3E8A4D004E6555 /* Setting */ = {
			isa = PBXGroup;
			children = (
				73A2F24F1B3E8A9F004E6555 /* SettingTableViewController.h */,
				73A2F2501B3E8A9F004E6555 /* SettingTableViewController.m */,
			);
			name = Setting;
			sourceTree = "<group>";
		};
		73A2F2521B3EA37B004E6555 /* Find */ = {
			isa = PBXGroup;
			children = (
				A3C1E2EE1B16B90300037DB5 /* FindViewController.h */,
				A3C1E2EF1B16B90300037DB5 /* FindViewController.m */,
				733021541B2CAD71007FE24C /* SendTwitterViewController.h */,
				733021551B2CAD71007FE24C /* SendTwitterViewController.m */,
				73A2F2581B3EDCAF004E6555 /* OfficeViewController.h */,
				73A2F2591B3EDCAF004E6555 /* OfficeViewController.m */,
				73BBEA261B29DE4C00F7373A /* FindCell.h */,
				73BBEA271B29DE4C00F7373A /* FindCell.m */,
			);
			name = Find;
			sourceTree = "<group>";
		};
		793420AFE2155E5D258B1636 /* Pods */ = {
			isa = PBXGroup;
			children = (
				BF2F57A18609299496A9CF80 /* Pods-TWJieShuQuan.debug.xcconfig */,
				FD885F8C87A3D68AAE517265 /* Pods-TWJieShuQuan.release.xcconfig */,
			);
			name = Pods;
			sourceTree = "<group>";
		};
		941C9D591B0F7837002021DE /* Extensions */ = {
			isa = PBXGroup;
			children = (
				941C9D5A1B0F7864002021DE /* NSString+Extensions.h */,
				941C9D5B1B0F7864002021DE /* NSString+Extensions.m */,
				942BBCBE1B180FC600F490CF /* AVQuery+Extensions.h */,
				942BBCBF1B180FC600F490CF /* AVQuery+Extensions.m */,
			);
			name = Extensions;
			sourceTree = "<group>";
		};
		941C9D5D1B0F78F7002021DE /* View Helpers */ = {
			isa = PBXGroup;
			children = (
				941C9D5E1B0F7906002021DE /* CustomAlert.h */,
				941C9D5F1B0F7906002021DE /* CustomAlert.m */,
				941C9D691B1035CC002021DE /* CustomTextField.h */,
				941C9D6A1B1035CC002021DE /* CustomTextField.m */,
				94C0698E1B145A960047BCCB /* CustomActivityIndicator.h */,
				94C0698F1B145A960047BCCB /* CustomActivityIndicator.m */,
			);
			name = "View Helpers";
			sourceTree = "<group>";
		};
		942BBDD11B1EF92300F490CF /* My Books */ = {
			isa = PBXGroup;
			children = (
				942BBDCE1B1EF1E500F490CF /* MyBooksCollectionViewController.h */,
				942BBDCF1B1EF1E500F490CF /* MyBooksCollectionViewController.m */,
				942BBDD21B1EF93E00F490CF /* MyBooksCollectionViewCell.h */,
				942BBDD31B1EF93E00F490CF /* MyBooksCollectionViewCell.m */,
				947BBB741B393BDC000AC785 /* MyBorrowInBooksTableViewController.h */,
				947BBB751B393BDC000AC785 /* MyBorrowInBooksTableViewController.m */,
				947BBB771B393CAA000AC785 /* BorrowInTableViewCell.h */,
				947BBB781B393CAA000AC785 /* BorrowInTableViewCell.m */,
				947BBB861B3A8BAC000AC785 /* MyBorrowOutTableViewController.h */,
				947BBB871B3A8BAC000AC785 /* MyBorrowOutTableViewController.m */,
				945E14CC1B3D915300E2F866 /* BorrowOutTableViewCell.h */,
				945E14CD1B3D915300E2F866 /* BorrowOutTableViewCell.m */,
			);
			name = "My Books";
			sourceTree = "<group>";
		};
		949996F71B09D3E500986337 = {
			isa = PBXGroup;
			children = (
				949997021B09D3E500986337 /* TWJieShuQuan */,
				94C069841B14174B0047BCCB /* Libaries */,
				9499971C1B09D3E500986337 /* TWJieShuQuanTests */,
				949997011B09D3E500986337 /* Products */,
				793420AFE2155E5D258B1636 /* Pods */,
				B34E66A74EAB42EE8F588C97 /* Frameworks */,
			);
			sourceTree = "<group>";
		};
		949997011B09D3E500986337 /* Products */ = {
			isa = PBXGroup;
			children = (
				949997001B09D3E500986337 /* TWJieShuQuan.app */,
				949997191B09D3E500986337 /* TWJieShuQuanTests.xctest */,
			);
			name = Products;
			sourceTree = "<group>";
		};
		949997021B09D3E500986337 /* TWJieShuQuan */ = {
			isa = PBXGroup;
			children = (
				9499972C1B0AD08F00986337 /* Constants.h */,
				9499972D1B0AD08F00986337 /* Constants.m */,
				949997071B09D3E500986337 /* AppDelegate.h */,
				949997081B09D3E500986337 /* AppDelegate.m */,
				A3C1E2EB1B16AF1100037DB5 /* main.storyboard */,
				A3C1E2ED1B16B8D300037DB5 /* Profile */,
				94C069A21B15673C0047BCCB /* Managers */,
				94C0699A1B146ACA0047BCCB /* Models */,
				949997301B0AD23100986337 /* Services */,
				94C0697C1B14106A0047BCCB /* Books */,
				941C9D591B0F7837002021DE /* Extensions */,
				941C9D5D1B0F78F7002021DE /* View Helpers */,
				9499972F1B0AD1FA00986337 /* Authentication */,
				949997101B09D3E500986337 /* Images.xcassets */,
				949997121B09D3E500986337 /* LaunchScreen.xib */,
				949997031B09D3E500986337 /* Supporting Files */,
			);
			path = TWJieShuQuan;
			sourceTree = "<group>";
		};
		949997031B09D3E500986337 /* Supporting Files */ = {
			isa = PBXGroup;
			children = (
				A3D1C97B1B1C23CC00923AD5 /* Resource */,
				7361D0791B17763E000AF2EC /* nav_background.png */,
				7361D0771B1774F8000AF2EC /* nav_scanIcon.png */,
				94C069821B1415200047BCCB /* test.png */,
				7341C1951B1371A500E199DF /* Login_background.png */,
				949997041B09D3E500986337 /* Info.plist */,
				949997051B09D3E500986337 /* main.m */,
			);
			name = "Supporting Files";
			sourceTree = "<group>";
		};
		9499971C1B09D3E500986337 /* TWJieShuQuanTests */ = {
			isa = PBXGroup;
			children = (
				9499971F1B09D3E500986337 /* TWJieShuQuanTests.m */,
				9499971D1B09D3E500986337 /* Supporting Files */,
			);
			path = TWJieShuQuanTests;
			sourceTree = "<group>";
		};
		9499971D1B09D3E500986337 /* Supporting Files */ = {
			isa = PBXGroup;
			children = (
				9499971E1B09D3E500986337 /* Info.plist */,
			);
			name = "Supporting Files";
			sourceTree = "<group>";
		};
		9499972F1B0AD1FA00986337 /* Authentication */ = {
			isa = PBXGroup;
			children = (
				949997311B0AD23E00986337 /* Controllers */,
			);
			name = Authentication;
			sourceTree = "<group>";
		};
		949997301B0AD23100986337 /* Services */ = {
			isa = PBXGroup;
			children = (
				9499975A1B0B237F00986337 /* AuthService.h */,
				9499975B1B0B237F00986337 /* AuthService.m */,
				94C0698B1B1450290047BCCB /* DouBanService.h */,
				94C0698C1B1450290047BCCB /* DouBanService.m */,
				942BBCB81B17031000F490CF /* BookService.h */,
				942BBCB91B17031000F490CF /* BookService.m */,
				B71492E4E8761728E9099087 /* AppConstants.m */,
				B7149768D47CCDDCC3877FEC /* AppConstants.h */,
			);
			name = Services;
			sourceTree = "<group>";
		};
		949997311B0AD23E00986337 /* Controllers */ = {
			isa = PBXGroup;
			children = (
				949997361B0AD83700986337 /* LoginViewController.h */,
				949997371B0AD83700986337 /* LoginViewController.m */,
				949997381B0AD83700986337 /* LoginViewController.xib */,
				941C9D621B0F81ED002021DE /* RegisterViewController.h */,
				941C9D631B0F81ED002021DE /* RegisterViewController.m */,
				941C9D641B0F81ED002021DE /* RegisterViewController.xib */,
				941C9D931B130C4C002021DE /* ResetPasswordViewController.h */,
				941C9D941B130C4C002021DE /* ResetPasswordViewController.m */,
				941C9D951B130C4C002021DE /* ResetPasswordViewController.xib */,
			);
			name = Controllers;
			sourceTree = "<group>";
		};
		94C0697C1B14106A0047BCCB /* Books */ = {
			isa = PBXGroup;
			children = (
				94C0697D1B1411620047BCCB /* BorrowBookViewController.h */,
				94C0697E1B1411620047BCCB /* BorrowBookViewController.m */,
				94C069951B146A570047BCCB /* AddToLibraryViewController.h */,
				94C069961B146A570047BCCB /* AddToLibraryViewController.m */,
				94C069971B146A570047BCCB /* AddToLibraryViewController.xib */,
				9423F6731B2C3017000D8556 /* BorrowBookDetailViewController.h */,
				9423F6741B2C3017000D8556 /* BorrowBookDetailViewController.m */,
				9423F6761B2C3959000D8556 /* BorrowFromPersonViewController.h */,
				9423F6771B2C3959000D8556 /* BorrowFromPersonViewController.m */,
				9423F6791B2C6AAD000D8556 /* BorrowFromPersonTableViewCell.h */,
				9423F67A1B2C6AAD000D8556 /* BorrowFromPersonTableViewCell.m */,
				94D9B7A11B4272A9001B0D4D /* PopularBooksTableViewController.h */,
				94D9B7A21B4272A9001B0D4D /* PopularBooksTableViewController.m */,
				94D9B7A41B427334001B0D4D /* PopularBookTableViewCell.h */,
				94D9B7A51B427334001B0D4D /* PopularBookTableViewCell.m */,
			);
			name = Books;
			sourceTree = "<group>";
		};
		94C069841B14174B0047BCCB /* Libaries */ = {
			isa = PBXGroup;
			children = (
				94C069851B14175A0047BCCB /* LibzBar */,
			);
			name = Libaries;
			path = TWJieShuQuan;
			sourceTree = "<group>";
		};
		94C0699A1B146ACA0047BCCB /* Models */ = {
			isa = PBXGroup;
			children = (
				94C0699B1B146AE30047BCCB /* Book.h */,
				94C0699C1B146AE30047BCCB /* Book.m */,
				942BBCBB1B17F90D00F490CF /* BookEntity.h */,
				942BBCBC1B17F90D00F490CF /* BookEntity.m */,
				7330214E1B2C3A5E007FE24C /* Discover.h */,
				7330214F1B2C3A5E007FE24C /* Discover.m */,
				947DA0A81B354A9900CC9101 /* BorrowRecord.h */,
				947DA0A91B354A9900CC9101 /* BorrowRecord.m */,
			);
			name = Models;
			sourceTree = "<group>";
		};
		94C069A21B15673C0047BCCB /* Managers */ = {
			isa = PBXGroup;
			children = (
				94C069A31B1567500047BCCB /* UserManager.h */,
				94C069A41B1567500047BCCB /* UserManager.m */,
				941A80691B3142DC00F15E3E /* NotificationManager.h */,
				941A806A1B3142DC00F15E3E /* NotificationManager.m */,
			);
			name = Managers;
			sourceTree = "<group>";
		};
		A3C1E2ED1B16B8D300037DB5 /* Profile */ = {
			isa = PBXGroup;
			children = (
				73A2F2521B3EA37B004E6555 /* Find */,
				73A2F2481B3E8A4D004E6555 /* Setting */,
				A3C961651B3A5C36002CA409 /* Model */,
				942BBDD11B1EF92300F490CF /* My Books */,
				733021511B2C3C07007FE24C /* FindCell+Config.h */,
				733021521B2C3C07007FE24C /* FindCell+Config.m */,
				A3C1E2F41B16C9C200037DB5 /* ProfileTableViewController.h */,
				A3C1E2F51B16C9C200037DB5 /* ProfileTableViewController.m */,
				A327D9661B29741B00358122 /* BookDetailViewController.h */,
				A327D9671B29741B00358122 /* BookDetailViewController.m */,
				A327D9691B29762700358122 /* TWIconButton.h */,
				A327D96A1B29762700358122 /* TWIconButton.m */,
				A327D97F1B2AD2E200358122 /* BookCommentCell.h */,
				A327D9801B2AD2E200358122 /* BookCommentCell.m */,
				94F75DE91B329F0100B59A17 /* BorrowNotificationTableViewController.h */,
				94F75DEA1B329F0100B59A17 /* BorrowNotificationTableViewController.m */,
				94F75DF01B32AD3A00B59A17 /* BorrowNotificationTableViewCell.h */,
				94F75DF11B32AD3A00B59A17 /* BorrowNotificationTableViewCell.m */,
			);
			path = Profile;
			sourceTree = "<group>";
		};
		A3C961651B3A5C36002CA409 /* Model */ = {
			isa = PBXGroup;
			children = (
				A3C961661B3A5C36002CA409 /* BookDetailModel.h */,
				A3C961671B3A5C36002CA409 /* BookDetailModel.m */,
			);
			path = Model;
			sourceTree = "<group>";
		};
		A3D1C97B1B1C23CC00923AD5 /* Resource */ = {
			isa = PBXGroup;
			children = (
				A327D9601B295E9900358122 /* avatar.png */,
				A327D9641B29719A00358122 /* delete.png */,
				A327D9621B29719500358122 /* stats.png */,
				A3D1C97C1B1C242700923AD5 /* borrow_message_bg.png */,
				A3D1C97D1B1C242700923AD5 /* return_message_bg.png */,
				A3D1C97E1B1C242700923AD5 /* scan.png */,
			);
			path = Resource;
			sourceTree = "<group>";
		};
		B34E66A74EAB42EE8F588C97 /* Frameworks */ = {
			isa = PBXGroup;
			children = (
				94C069891B1418F40047BCCB /* libzbar-universal.a */,
				94C069781B14101C0047BCCB /* libiconv.dylib */,
				94C069761B1410140047BCCB /* QuartzCore.framework */,
				94C069741B14100B0047BCCB /* CoreVideo.framework */,
				94C069721B1410030047BCCB /* CoreMedia.framework */,
				94C069701B140FF60047BCCB /* AVFoundation.framework */,
				40039659AA37C1DFCEA6322D /* libPods-TWJieShuQuan.a */,
			);
			name = Frameworks;
			sourceTree = "<group>";
		};
/* End PBXGroup section */

/* Begin PBXNativeTarget section */
		949996FF1B09D3E500986337 /* TWJieShuQuan */ = {
			isa = PBXNativeTarget;
			buildConfigurationList = 949997231B09D3E500986337 /* Build configuration list for PBXNativeTarget "TWJieShuQuan" */;
			buildPhases = (
				1427EA39B108D131E2D9DFC5 /* Check Pods Manifest.lock */,
				949996FC1B09D3E500986337 /* Sources */,
				949996FD1B09D3E500986337 /* Frameworks */,
				949996FE1B09D3E500986337 /* Resources */,
				499DA24CA07BC6A827394CFF /* Copy Pods Resources */,
			);
			buildRules = (
			);
			dependencies = (
			);
			name = TWJieShuQuan;
			productName = TWJieShuQuan;
			productReference = 949997001B09D3E500986337 /* TWJieShuQuan.app */;
			productType = "com.apple.product-type.application";
		};
		949997181B09D3E500986337 /* TWJieShuQuanTests */ = {
			isa = PBXNativeTarget;
			buildConfigurationList = 949997261B09D3E500986337 /* Build configuration list for PBXNativeTarget "TWJieShuQuanTests" */;
			buildPhases = (
				949997151B09D3E500986337 /* Sources */,
				949997161B09D3E500986337 /* Frameworks */,
				949997171B09D3E500986337 /* Resources */,
			);
			buildRules = (
			);
			dependencies = (
				9499971B1B09D3E500986337 /* PBXTargetDependency */,
			);
			name = TWJieShuQuanTests;
			productName = TWJieShuQuanTests;
			productReference = 949997191B09D3E500986337 /* TWJieShuQuanTests.xctest */;
			productType = "com.apple.product-type.bundle.unit-test";
		};
/* End PBXNativeTarget section */

/* Begin PBXProject section */
		949996F81B09D3E500986337 /* Project object */ = {
			isa = PBXProject;
			attributes = {
				LastUpgradeCheck = 0630;
				ORGANIZATIONNAME = Jianing;
				TargetAttributes = {
					949996FF1B09D3E500986337 = {
						CreatedOnToolsVersion = 6.3.1;
						DevelopmentTeam = P7DQ9D7MW9;
					};
					949997181B09D3E500986337 = {
						CreatedOnToolsVersion = 6.3.1;
						TestTargetID = 949996FF1B09D3E500986337;
					};
				};
			};
			buildConfigurationList = 949996FB1B09D3E500986337 /* Build configuration list for PBXProject "TWJieShuQuan" */;
			compatibilityVersion = "Xcode 3.2";
			developmentRegion = English;
			hasScannedForEncodings = 0;
			knownRegions = (
				en,
				Base,
			);
			mainGroup = 949996F71B09D3E500986337;
			productRefGroup = 949997011B09D3E500986337 /* Products */;
			projectDirPath = "";
			projectRoot = "";
			targets = (
				949996FF1B09D3E500986337 /* TWJieShuQuan */,
				949997181B09D3E500986337 /* TWJieShuQuanTests */,
			);
		};
/* End PBXProject section */

/* Begin PBXResourcesBuildPhase section */
		949996FE1B09D3E500986337 /* Resources */ = {
			isa = PBXResourcesBuildPhase;
			buildActionMask = 2147483647;
			files = (
				9499973A1B0AD83700986337 /* LoginViewController.xib in Resources */,
				A327D9631B29719500358122 /* stats.png in Resources */,
				941C9D661B0F81ED002021DE /* RegisterViewController.xib in Resources */,
				7361D07A1B17763E000AF2EC /* nav_background.png in Resources */,
				A3D1C9801B1C242700923AD5 /* return_message_bg.png in Resources */,
				941C9D971B130C4C002021DE /* ResetPasswordViewController.xib in Resources */,
				94C069861B14175A0047BCCB /* LibzBar in Resources */,
				A3D1C9811B1C242700923AD5 /* scan.png in Resources */,
				94C069991B146A570047BCCB /* AddToLibraryViewController.xib in Resources */,
				A3C1E2EC1B16AF1100037DB5 /* main.storyboard in Resources */,
				949997141B09D3E500986337 /* LaunchScreen.xib in Resources */,
				7361D0781B1774F8000AF2EC /* nav_scanIcon.png in Resources */,
				94C069831B1415200047BCCB /* test.png in Resources */,
				A327D9611B295E9900358122 /* avatar.png in Resources */,
				A3D1C97F1B1C242700923AD5 /* borrow_message_bg.png in Resources */,
				A327D9651B29719A00358122 /* delete.png in Resources */,
				949997111B09D3E500986337 /* Images.xcassets in Resources */,
				7341C1961B1371A500E199DF /* Login_background.png in Resources */,
			);
			runOnlyForDeploymentPostprocessing = 0;
		};
		949997171B09D3E500986337 /* Resources */ = {
			isa = PBXResourcesBuildPhase;
			buildActionMask = 2147483647;
			files = (
			);
			runOnlyForDeploymentPostprocessing = 0;
		};
/* End PBXResourcesBuildPhase section */

/* Begin PBXShellScriptBuildPhase section */
		1427EA39B108D131E2D9DFC5 /* Check Pods Manifest.lock */ = {
			isa = PBXShellScriptBuildPhase;
			buildActionMask = 2147483647;
			files = (
			);
			inputPaths = (
			);
			name = "Check Pods Manifest.lock";
			outputPaths = (
			);
			runOnlyForDeploymentPostprocessing = 0;
			shellPath = /bin/sh;
			shellScript = "diff \"${PODS_ROOT}/../Podfile.lock\" \"${PODS_ROOT}/Manifest.lock\" > /dev/null\nif [[ $? != 0 ]] ; then\n    cat << EOM\nerror: The sandbox is not in sync with the Podfile.lock. Run 'pod install' or update your CocoaPods installation.\nEOM\n    exit 1\nfi\n";
			showEnvVarsInLog = 0;
		};
		499DA24CA07BC6A827394CFF /* Copy Pods Resources */ = {
			isa = PBXShellScriptBuildPhase;
			buildActionMask = 2147483647;
			files = (
			);
			inputPaths = (
			);
			name = "Copy Pods Resources";
			outputPaths = (
			);
			runOnlyForDeploymentPostprocessing = 0;
			shellPath = /bin/sh;
			shellScript = "\"${SRCROOT}/Pods/Target Support Files/Pods-TWJieShuQuan/Pods-TWJieShuQuan-resources.sh\"\n";
			showEnvVarsInLog = 0;
		};
/* End PBXShellScriptBuildPhase section */

/* Begin PBXSourcesBuildPhase section */
		949996FC1B09D3E500986337 /* Sources */ = {
			isa = PBXSourcesBuildPhase;
			buildActionMask = 2147483647;
			files = (
				A3C1E2F01B16B90300037DB5 /* FindViewController.m in Sources */,
				94C069A51B1567500047BCCB /* UserManager.m in Sources */,
				947DA0AA1B354A9900CC9101 /* BorrowRecord.m in Sources */,
				A327D9681B29741B00358122 /* BookDetailViewController.m in Sources */,
				945E14CE1B3D915300E2F866 /* BorrowOutTableViewCell.m in Sources */,
				94F75DF21B32AD3A00B59A17 /* BorrowNotificationTableViewCell.m in Sources */,
				733021561B2CAD71007FE24C /* SendTwitterViewController.m in Sources */,
				941C9D961B130C4C002021DE /* ResetPasswordViewController.m in Sources */,
				A3C1E2F61B16C9C200037DB5 /* ProfileTableViewController.m in Sources */,
				94C0698D1B1450290047BCCB /* DouBanService.m in Sources */,
				94F75DEB1B329F0100B59A17 /* BorrowNotificationTableViewController.m in Sources */,
				9499975C1B0B237F00986337 /* AuthService.m in Sources */,
				947BBB881B3A8BAC000AC785 /* MyBorrowOutTableViewController.m in Sources */,
				73BBEA281B29DE4C00F7373A /* FindCell.m in Sources */,
				94C069801B1411620047BCCB /* BorrowBookViewController.m in Sources */,
				942BBDD01B1EF1E500F490CF /* MyBooksCollectionViewController.m in Sources */,
				73A2F2511B3E8A9F004E6555 /* SettingTableViewController.m in Sources */,
				A327D9811B2AD2E200358122 /* BookCommentCell.m in Sources */,
				949997091B09D3E500986337 /* AppDelegate.m in Sources */,
				949997061B09D3E500986337 /* main.m in Sources */,
				733021531B2C3C07007FE24C /* FindCell+Config.m in Sources */,
				941C9D5C1B0F7864002021DE /* NSString+Extensions.m in Sources */,
				94D9B7A31B4272A9001B0D4D /* PopularBooksTableViewController.m in Sources */,
				9499972E1B0AD08F00986337 /* Constants.m in Sources */,
				733021501B2C3A5E007FE24C /* Discover.m in Sources */,
				942BBCBD1B17F90D00F490CF /* BookEntity.m in Sources */,
				941A806B1B3142DC00F15E3E /* NotificationManager.m in Sources */,
				947BBB791B393CAA000AC785 /* BorrowInTableViewCell.m in Sources */,
				94C069901B145A960047BCCB /* CustomActivityIndicator.m in Sources */,
				A3C961681B3A5C36002CA409 /* BookDetailModel.m in Sources */,
				94C069981B146A570047BCCB /* AddToLibraryViewController.m in Sources */,
				941C9D601B0F7906002021DE /* CustomAlert.m in Sources */,
				94C0699D1B146AE30047BCCB /* Book.m in Sources */,
				949997391B0AD83700986337 /* LoginViewController.m in Sources */,
				942BBCBA1B17031000F490CF /* BookService.m in Sources */,
				942BBCC01B180FC600F490CF /* AVQuery+Extensions.m in Sources */,
				94D9B7A61B427334001B0D4D /* PopularBookTableViewCell.m in Sources */,
				9423F6751B2C3017000D8556 /* BorrowBookDetailViewController.m in Sources */,
				9423F67B1B2C6AAD000D8556 /* BorrowFromPersonTableViewCell.m in Sources */,
				947BBB761B393BDC000AC785 /* MyBorrowInBooksTableViewController.m in Sources */,
				941C9D6B1B1035CC002021DE /* CustomTextField.m in Sources */,
				941C9D651B0F81ED002021DE /* RegisterViewController.m in Sources */,
				9423F6781B2C3959000D8556 /* BorrowFromPersonViewController.m in Sources */,
				A327D96B1B29762700358122 /* TWIconButton.m in Sources */,
				942BBDD41B1EF93E00F490CF /* MyBooksCollectionViewCell.m in Sources */,
				B714934EFC12E452642DEA2E /* AppConstants.m in Sources */,
				73A2F25A1B3EDCAF004E6555 /* OfficeViewController.m in Sources */,
			);
			runOnlyForDeploymentPostprocessing = 0;
		};
		949997151B09D3E500986337 /* Sources */ = {
			isa = PBXSourcesBuildPhase;
			buildActionMask = 2147483647;
			files = (
				949997201B09D3E500986337 /* TWJieShuQuanTests.m in Sources */,
			);
			runOnlyForDeploymentPostprocessing = 0;
		};
/* End PBXSourcesBuildPhase section */

/* Begin PBXTargetDependency section */
		9499971B1B09D3E500986337 /* PBXTargetDependency */ = {
			isa = PBXTargetDependency;
			target = 949996FF1B09D3E500986337 /* TWJieShuQuan */;
			targetProxy = 9499971A1B09D3E500986337 /* PBXContainerItemProxy */;
		};
/* End PBXTargetDependency section */

/* Begin PBXVariantGroup section */
		949997121B09D3E500986337 /* LaunchScreen.xib */ = {
			isa = PBXVariantGroup;
			children = (
				949997131B09D3E500986337 /* Base */,
			);
			name = LaunchScreen.xib;
			sourceTree = "<group>";
		};
/* End PBXVariantGroup section */

/* Begin XCBuildConfiguration section */
		949997211B09D3E500986337 /* Debug */ = {
			isa = XCBuildConfiguration;
			buildSettings = {
				ALWAYS_SEARCH_USER_PATHS = NO;
				CLANG_CXX_LANGUAGE_STANDARD = "gnu++0x";
				CLANG_CXX_LIBRARY = "libc++";
				CLANG_ENABLE_MODULES = YES;
				CLANG_ENABLE_OBJC_ARC = YES;
				CLANG_WARN_BOOL_CONVERSION = YES;
				CLANG_WARN_CONSTANT_CONVERSION = YES;
				CLANG_WARN_DIRECT_OBJC_ISA_USAGE = YES_ERROR;
				CLANG_WARN_EMPTY_BODY = YES;
				CLANG_WARN_ENUM_CONVERSION = YES;
				CLANG_WARN_INT_CONVERSION = YES;
				CLANG_WARN_OBJC_ROOT_CLASS = YES_ERROR;
				CLANG_WARN_UNREACHABLE_CODE = YES;
				CLANG_WARN__DUPLICATE_METHOD_MATCH = YES;
				"CODE_SIGN_IDENTITY[sdk=iphoneos*]" = "iPhone Developer";
				COPY_PHASE_STRIP = NO;
				DEBUG_INFORMATION_FORMAT = "dwarf-with-dsym";
				ENABLE_STRICT_OBJC_MSGSEND = YES;
				GCC_C_LANGUAGE_STANDARD = gnu99;
				GCC_DYNAMIC_NO_PIC = NO;
				GCC_NO_COMMON_BLOCKS = YES;
				GCC_OPTIMIZATION_LEVEL = 0;
				GCC_PREPROCESSOR_DEFINITIONS = (
					"DEBUG=1",
					"$(inherited)",
				);
				GCC_SYMBOLS_PRIVATE_EXTERN = NO;
				GCC_WARN_64_TO_32_BIT_CONVERSION = YES;
				GCC_WARN_ABOUT_RETURN_TYPE = YES_ERROR;
				GCC_WARN_UNDECLARED_SELECTOR = YES;
				GCC_WARN_UNINITIALIZED_AUTOS = YES_AGGRESSIVE;
				GCC_WARN_UNUSED_FUNCTION = YES;
				GCC_WARN_UNUSED_VARIABLE = YES;
				IPHONEOS_DEPLOYMENT_TARGET = 7.0;
				MTL_ENABLE_DEBUG_INFO = YES;
				ONLY_ACTIVE_ARCH = YES;
				SDKROOT = iphoneos;
				TARGETED_DEVICE_FAMILY = "1,2";
			};
			name = Debug;
		};
		949997221B09D3E500986337 /* Release */ = {
			isa = XCBuildConfiguration;
			buildSettings = {
				ALWAYS_SEARCH_USER_PATHS = NO;
				CLANG_CXX_LANGUAGE_STANDARD = "gnu++0x";
				CLANG_CXX_LIBRARY = "libc++";
				CLANG_ENABLE_MODULES = YES;
				CLANG_ENABLE_OBJC_ARC = YES;
				CLANG_WARN_BOOL_CONVERSION = YES;
				CLANG_WARN_CONSTANT_CONVERSION = YES;
				CLANG_WARN_DIRECT_OBJC_ISA_USAGE = YES_ERROR;
				CLANG_WARN_EMPTY_BODY = YES;
				CLANG_WARN_ENUM_CONVERSION = YES;
				CLANG_WARN_INT_CONVERSION = YES;
				CLANG_WARN_OBJC_ROOT_CLASS = YES_ERROR;
				CLANG_WARN_UNREACHABLE_CODE = YES;
				CLANG_WARN__DUPLICATE_METHOD_MATCH = YES;
				"CODE_SIGN_IDENTITY[sdk=iphoneos*]" = "iPhone Developer";
				COPY_PHASE_STRIP = NO;
				DEBUG_INFORMATION_FORMAT = "dwarf-with-dsym";
				ENABLE_NS_ASSERTIONS = NO;
				ENABLE_STRICT_OBJC_MSGSEND = YES;
				GCC_C_LANGUAGE_STANDARD = gnu99;
				GCC_NO_COMMON_BLOCKS = YES;
				GCC_WARN_64_TO_32_BIT_CONVERSION = YES;
				GCC_WARN_ABOUT_RETURN_TYPE = YES_ERROR;
				GCC_WARN_UNDECLARED_SELECTOR = YES;
				GCC_WARN_UNINITIALIZED_AUTOS = YES_AGGRESSIVE;
				GCC_WARN_UNUSED_FUNCTION = YES;
				GCC_WARN_UNUSED_VARIABLE = YES;
				IPHONEOS_DEPLOYMENT_TARGET = 7.0;
				MTL_ENABLE_DEBUG_INFO = NO;
				SDKROOT = iphoneos;
				TARGETED_DEVICE_FAMILY = "1,2";
				VALIDATE_PRODUCT = YES;
			};
			name = Release;
		};
		949997241B09D3E500986337 /* Debug */ = {
			isa = XCBuildConfiguration;
			baseConfigurationReference = BF2F57A18609299496A9CF80 /* Pods-TWJieShuQuan.debug.xcconfig */;
			buildSettings = {
				ASSETCATALOG_COMPILER_APPICON_NAME = AppIcon;
				CODE_SIGN_IDENTITY = "iPhone Developer";
				"CODE_SIGN_IDENTITY[sdk=iphoneos*]" = "iPhone Developer";
				INFOPLIST_FILE = TWJieShuQuan/Info.plist;
				LD_RUNPATH_SEARCH_PATHS = "$(inherited) @executable_path/Frameworks";
				LIBRARY_SEARCH_PATHS = (
					"$(inherited)",
					"$(PROJECT_DIR)/Libaries",
					"$(PROJECT_DIR)/TWJieShuQuan",
					"$(PROJECT_DIR)/Libaries/LibzBar",
				);
				PRODUCT_NAME = "$(TARGET_NAME)";
				PROVISIONING_PROFILE = "45b95630-6a25-46f7-99b3-3b9d3d04880d";
			};
			name = Debug;
		};
		949997251B09D3E500986337 /* Release */ = {
			isa = XCBuildConfiguration;
			baseConfigurationReference = FD885F8C87A3D68AAE517265 /* Pods-TWJieShuQuan.release.xcconfig */;
			buildSettings = {
				ASSETCATALOG_COMPILER_APPICON_NAME = AppIcon;
				CODE_SIGN_IDENTITY = "iPhone Developer";
				"CODE_SIGN_IDENTITY[sdk=iphoneos*]" = "iPhone Developer";
				INFOPLIST_FILE = TWJieShuQuan/Info.plist;
				LD_RUNPATH_SEARCH_PATHS = "$(inherited) @executable_path/Frameworks";
				LIBRARY_SEARCH_PATHS = (
					"$(inherited)",
					"$(PROJECT_DIR)/Libaries",
					"$(PROJECT_DIR)/TWJieShuQuan",
					"$(PROJECT_DIR)/Libaries/LibzBar",
				);
				PRODUCT_NAME = "$(TARGET_NAME)";
				PROVISIONING_PROFILE = "";
			};
			name = Release;
		};
		949997271B09D3E500986337 /* Debug */ = {
			isa = XCBuildConfiguration;
			buildSettings = {
				BUNDLE_LOADER = "$(TEST_HOST)";
				FRAMEWORK_SEARCH_PATHS = (
					"$(SDKROOT)/Developer/Library/Frameworks",
					"$(inherited)",
				);
				GCC_PREPROCESSOR_DEFINITIONS = (
					"DEBUG=1",
					"$(inherited)",
				);
				INFOPLIST_FILE = TWJieShuQuanTests/Info.plist;
				LD_RUNPATH_SEARCH_PATHS = "$(inherited) @executable_path/Frameworks @loader_path/Frameworks";
				PRODUCT_NAME = "$(TARGET_NAME)";
				TEST_HOST = "$(BUILT_PRODUCTS_DIR)/TWJieShuQuan.app/TWJieShuQuan";
			};
			name = Debug;
		};
		949997281B09D3E500986337 /* Release */ = {
			isa = XCBuildConfiguration;
			buildSettings = {
				BUNDLE_LOADER = "$(TEST_HOST)";
				FRAMEWORK_SEARCH_PATHS = (
					"$(SDKROOT)/Developer/Library/Frameworks",
					"$(inherited)",
				);
				INFOPLIST_FILE = TWJieShuQuanTests/Info.plist;
				LD_RUNPATH_SEARCH_PATHS = "$(inherited) @executable_path/Frameworks @loader_path/Frameworks";
				PRODUCT_NAME = "$(TARGET_NAME)";
				TEST_HOST = "$(BUILT_PRODUCTS_DIR)/TWJieShuQuan.app/TWJieShuQuan";
			};
			name = Release;
		};
/* End XCBuildConfiguration section */

/* Begin XCConfigurationList section */
		949996FB1B09D3E500986337 /* Build configuration list for PBXProject "TWJieShuQuan" */ = {
			isa = XCConfigurationList;
			buildConfigurations = (
				949997211B09D3E500986337 /* Debug */,
				949997221B09D3E500986337 /* Release */,
			);
			defaultConfigurationIsVisible = 0;
			defaultConfigurationName = Release;
		};
		949997231B09D3E500986337 /* Build configuration list for PBXNativeTarget "TWJieShuQuan" */ = {
			isa = XCConfigurationList;
			buildConfigurations = (
				949997241B09D3E500986337 /* Debug */,
				949997251B09D3E500986337 /* Release */,
			);
			defaultConfigurationIsVisible = 0;
			defaultConfigurationName = Release;
		};
		949997261B09D3E500986337 /* Build configuration list for PBXNativeTarget "TWJieShuQuanTests" */ = {
			isa = XCConfigurationList;
			buildConfigurations = (
				949997271B09D3E500986337 /* Debug */,
				949997281B09D3E500986337 /* Release */,
			);
			defaultConfigurationIsVisible = 0;
			defaultConfigurationName = Release;
		};
/* End XCConfigurationList section */
	};
	rootObject = 949996F81B09D3E500986337 /* Project object */;
}
