// !$*UTF8*$!
{
	archiveVersion = 1;
	classes = {
	};
	objectVersion = 46;
	objects = {

/* Begin PBXBuildFile section */
		941C9D5C1B0F7864002021DE /* NSString+Extensions.m in Sources */ = {isa = PBXBuildFile; fileRef = 941C9D5B1B0F7864002021DE /* NSString+Extensions.m */; };
		941C9D601B0F7906002021DE /* CustomAlert.m in Sources */ = {isa = PBXBuildFile; fileRef = 941C9D5F1B0F7906002021DE /* CustomAlert.m */; };
		941C9D651B0F81ED002021DE /* RegisterViewController.m in Sources */ = {isa = PBXBuildFile; fileRef = 941C9D631B0F81ED002021DE /* RegisterViewController.m */; };
		941C9D661B0F81ED002021DE /* RegisterViewController.xib in Resources */ = {isa = PBXBuildFile; fileRef = 941C9D641B0F81ED002021DE /* RegisterViewController.xib */; };
		941F221B1B0E0AE4001ED77D /* Login_BackgroundImage.png in Resources */ = {isa = PBXBuildFile; fileRef = 941F221A1B0E0AE4001ED77D /* Login_BackgroundImage.png */; };
		949997061B09D3E500986337 /* main.m in Sources */ = {isa = PBXBuildFile; fileRef = 949997051B09D3E500986337 /* main.m */; };
		949997091B09D3E500986337 /* AppDelegate.m in Sources */ = {isa = PBXBuildFile; fileRef = 949997081B09D3E500986337 /* AppDelegate.m */; };
		949997111B09D3E500986337 /* Images.xcassets in Resources */ = {isa = PBXBuildFile; fileRef = 949997101B09D3E500986337 /* Images.xcassets */; };
		949997141B09D3E500986337 /* LaunchScreen.xib in Resources */ = {isa = PBXBuildFile; fileRef = 949997121B09D3E500986337 /* LaunchScreen.xib */; };
		949997201B09D3E500986337 /* TWJieShuQuanTests.m in Sources */ = {isa = PBXBuildFile; fileRef = 9499971F1B09D3E500986337 /* TWJieShuQuanTests.m */; };
		9499972E1B0AD08F00986337 /* Constants.m in Sources */ = {isa = PBXBuildFile; fileRef = 9499972D1B0AD08F00986337 /* Constants.m */; };
		949997391B0AD83700986337 /* LoginViewController.m in Sources */ = {isa = PBXBuildFile; fileRef = 949997371B0AD83700986337 /* LoginViewController.m */; };
		9499973A1B0AD83700986337 /* LoginViewController.xib in Resources */ = {isa = PBXBuildFile; fileRef = 949997381B0AD83700986337 /* LoginViewController.xib */; };
		9499975C1B0B237F00986337 /* AuthService.m in Sources */ = {isa = PBXBuildFile; fileRef = 9499975B1B0B237F00986337 /* AuthService.m */; };
		D7428E75F23E9FBCF5D85B55 /* libPods-TWJieShuQuan.a in Frameworks */ = {isa = PBXBuildFile; fileRef = 40039659AA37C1DFCEA6322D /* libPods-TWJieShuQuan.a */; };
/* End PBXBuildFile section */

/* Begin PBXContainerItemProxy section */
		9499971A1B09D3E500986337 /* PBXContainerItemProxy */ = {
			isa = PBXContainerItemProxy;
			containerPortal = 949996F81B09D3E500986337 /* Project object */;
			proxyType = 1;
			remoteGlobalIDString = 949996FF1B09D3E500986337;
			remoteInfo = TWJieShuQuan;
		};
/* End PBXContainerItemProxy section */

/* Begin PBXFileReference section */
		40039659AA37C1DFCEA6322D /* libPods-TWJieShuQuan.a */ = {isa = PBXFileReference; explicitFileType = archive.ar; includeInIndex = 0; path = "libPods-TWJieShuQuan.a"; sourceTree = BUILT_PRODUCTS_DIR; };
		941C9D5A1B0F7864002021DE /* NSString+Extensions.h */ = {isa = PBXFileReference; fileEncoding = 4; lastKnownFileType = sourcecode.c.h; name = "NSString+Extensions.h"; path = "Extensions/NSString+Extensions.h"; sourceTree = "<group>"; };
		941C9D5B1B0F7864002021DE /* NSString+Extensions.m */ = {isa = PBXFileReference; fileEncoding = 4; lastKnownFileType = sourcecode.c.objc; name = "NSString+Extensions.m"; path = "Extensions/NSString+Extensions.m"; sourceTree = "<group>"; };
		941C9D5E1B0F7906002021DE /* CustomAlert.h */ = {isa = PBXFileReference; fileEncoding = 4; lastKnownFileType = sourcecode.c.h; path = CustomAlert.h; sourceTree = "<group>"; };
		941C9D5F1B0F7906002021DE /* CustomAlert.m */ = {isa = PBXFileReference; fileEncoding = 4; lastKnownFileType = sourcecode.c.objc; path = CustomAlert.m; sourceTree = "<group>"; };
		941C9D621B0F81ED002021DE /* RegisterViewController.h */ = {isa = PBXFileReference; fileEncoding = 4; lastKnownFileType = sourcecode.c.h; name = RegisterViewController.h; path = Authentication/Controllers/RegisterViewController.h; sourceTree = "<group>"; };
		941C9D631B0F81ED002021DE /* RegisterViewController.m */ = {isa = PBXFileReference; fileEncoding = 4; lastKnownFileType = sourcecode.c.objc; name = RegisterViewController.m; path = Authentication/Controllers/RegisterViewController.m; sourceTree = "<group>"; };
		941C9D641B0F81ED002021DE /* RegisterViewController.xib */ = {isa = PBXFileReference; fileEncoding = 4; lastKnownFileType = file.xib; name = RegisterViewController.xib; path = Authentication/Controllers/RegisterViewController.xib; sourceTree = "<group>"; };
		941F221A1B0E0AE4001ED77D /* Login_BackgroundImage.png */ = {isa = PBXFileReference; lastKnownFileType = image.png; path = Login_BackgroundImage.png; sourceTree = "<group>"; };
		949997001B09D3E500986337 /* TWJieShuQuan.app */ = {isa = PBXFileReference; explicitFileType = wrapper.application; includeInIndex = 0; path = TWJieShuQuan.app; sourceTree = BUILT_PRODUCTS_DIR; };
		949997041B09D3E500986337 /* Info.plist */ = {isa = PBXFileReference; lastKnownFileType = text.plist.xml; path = Info.plist; sourceTree = "<group>"; };
		949997051B09D3E500986337 /* main.m */ = {isa = PBXFileReference; lastKnownFileType = sourcecode.c.objc; path = main.m; sourceTree = "<group>"; };
		949997071B09D3E500986337 /* AppDelegate.h */ = {isa = PBXFileReference; lastKnownFileType = sourcecode.c.h; path = AppDelegate.h; sourceTree = "<group>"; };
		949997081B09D3E500986337 /* AppDelegate.m */ = {isa = PBXFileReference; lastKnownFileType = sourcecode.c.objc; path = AppDelegate.m; sourceTree = "<group>"; };
		949997101B09D3E500986337 /* Images.xcassets */ = {isa = PBXFileReference; lastKnownFileType = folder.assetcatalog; path = Images.xcassets; sourceTree = "<group>"; };
		949997131B09D3E500986337 /* Base */ = {isa = PBXFileReference; lastKnownFileType = file.xib; name = Base; path = Base.lproj/LaunchScreen.xib; sourceTree = "<group>"; };
		949997191B09D3E500986337 /* TWJieShuQuanTests.xctest */ = {isa = PBXFileReference; explicitFileType = wrapper.cfbundle; includeInIndex = 0; path = TWJieShuQuanTests.xctest; sourceTree = BUILT_PRODUCTS_DIR; };
		9499971E1B09D3E500986337 /* Info.plist */ = {isa = PBXFileReference; lastKnownFileType = text.plist.xml; path = Info.plist; sourceTree = "<group>"; };
		9499971F1B09D3E500986337 /* TWJieShuQuanTests.m */ = {isa = PBXFileReference; lastKnownFileType = sourcecode.c.objc; path = TWJieShuQuanTests.m; sourceTree = "<group>"; };
		9499972C1B0AD08F00986337 /* Constants.h */ = {isa = PBXFileReference; fileEncoding = 4; lastKnownFileType = sourcecode.c.h; path = Constants.h; sourceTree = "<group>"; };
		9499972D1B0AD08F00986337 /* Constants.m */ = {isa = PBXFileReference; fileEncoding = 4; lastKnownFileType = sourcecode.c.objc; path = Constants.m; sourceTree = "<group>"; };
		949997361B0AD83700986337 /* LoginViewController.h */ = {isa = PBXFileReference; fileEncoding = 4; lastKnownFileType = sourcecode.c.h; name = LoginViewController.h; path = Authentication/Controllers/LoginViewController.h; sourceTree = "<group>"; };
		949997371B0AD83700986337 /* LoginViewController.m */ = {isa = PBXFileReference; fileEncoding = 4; lastKnownFileType = sourcecode.c.objc; name = LoginViewController.m; path = Authentication/Controllers/LoginViewController.m; sourceTree = "<group>"; };
		949997381B0AD83700986337 /* LoginViewController.xib */ = {isa = PBXFileReference; fileEncoding = 4; lastKnownFileType = file.xib; name = LoginViewController.xib; path = Authentication/Controllers/LoginViewController.xib; sourceTree = "<group>"; };
		9499975A1B0B237F00986337 /* AuthService.h */ = {isa = PBXFileReference; fileEncoding = 4; lastKnownFileType = sourcecode.c.h; name = AuthService.h; path = Authentication/Services/AuthService.h; sourceTree = "<group>"; };
		9499975B1B0B237F00986337 /* AuthService.m */ = {isa = PBXFileReference; fileEncoding = 4; lastKnownFileType = sourcecode.c.objc; name = AuthService.m; path = Authentication/Services/AuthService.m; sourceTree = "<group>"; };
		BF2F57A18609299496A9CF80 /* Pods-TWJieShuQuan.debug.xcconfig */ = {isa = PBXFileReference; includeInIndex = 1; lastKnownFileType = text.xcconfig; name = "Pods-TWJieShuQuan.debug.xcconfig"; path = "Pods/Target Support Files/Pods-TWJieShuQuan/Pods-TWJieShuQuan.debug.xcconfig"; sourceTree = "<group>"; };
		FD885F8C87A3D68AAE517265 /* Pods-TWJieShuQuan.release.xcconfig */ = {isa = PBXFileReference; includeInIndex = 1; lastKnownFileType = text.xcconfig; name = "Pods-TWJieShuQuan.release.xcconfig"; path = "Pods/Target Support Files/Pods-TWJieShuQuan/Pods-TWJieShuQuan.release.xcconfig"; sourceTree = "<group>"; };
/* End PBXFileReference section */

/* Begin PBXFrameworksBuildPhase section */
		949996FD1B09D3E500986337 /* Frameworks */ = {
			isa = PBXFrameworksBuildPhase;
			buildActionMask = 2147483647;
			files = (
				D7428E75F23E9FBCF5D85B55 /* libPods-TWJieShuQuan.a in Frameworks */,
			);
			runOnlyForDeploymentPostprocessing = 0;
		};
		949997161B09D3E500986337 /* Frameworks */ = {
			isa = PBXFrameworksBuildPhase;
			buildActionMask = 2147483647;
			files = (
			);
			runOnlyForDeploymentPostprocessing = 0;
		};
/* End PBXFrameworksBuildPhase section */

/* Begin PBXGroup section */
		793420AFE2155E5D258B1636 /* Pods */ = {
			isa = PBXGroup;
			children = (
				BF2F57A18609299496A9CF80 /* Pods-TWJieShuQuan.debug.xcconfig */,
				FD885F8C87A3D68AAE517265 /* Pods-TWJieShuQuan.release.xcconfig */,
			);
			name = Pods;
			sourceTree = "<group>";
		};
		941C9D591B0F7837002021DE /* Extensions */ = {
			isa = PBXGroup;
			children = (
				941C9D5A1B0F7864002021DE /* NSString+Extensions.h */,
				941C9D5B1B0F7864002021DE /* NSString+Extensions.m */,
			);
			name = Extensions;
			sourceTree = "<group>";
		};
		941C9D5D1B0F78F7002021DE /* View Helpers */ = {
			isa = PBXGroup;
			children = (
				941C9D5E1B0F7906002021DE /* CustomAlert.h */,
				941C9D5F1B0F7906002021DE /* CustomAlert.m */,
			);
			name = "View Helpers";
			sourceTree = "<group>";
		};
		949996F71B09D3E500986337 = {
			isa = PBXGroup;
			children = (
				949997021B09D3E500986337 /* TWJieShuQuan */,
				9499971C1B09D3E500986337 /* TWJieShuQuanTests */,
				949997011B09D3E500986337 /* Products */,
				793420AFE2155E5D258B1636 /* Pods */,
				B34E66A74EAB42EE8F588C97 /* Frameworks */,
			);
			sourceTree = "<group>";
		};
		949997011B09D3E500986337 /* Products */ = {
			isa = PBXGroup;
			children = (
				949997001B09D3E500986337 /* TWJieShuQuan.app */,
				949997191B09D3E500986337 /* TWJieShuQuanTests.xctest */,
			);
			name = Products;
			sourceTree = "<group>";
		};
		949997021B09D3E500986337 /* TWJieShuQuan */ = {
			isa = PBXGroup;
			children = (
				9499972C1B0AD08F00986337 /* Constants.h */,
				9499972D1B0AD08F00986337 /* Constants.m */,
				949997071B09D3E500986337 /* AppDelegate.h */,
				949997081B09D3E500986337 /* AppDelegate.m */,
				941C9D591B0F7837002021DE /* Extensions */,
				941C9D5D1B0F78F7002021DE /* View Helpers */,
				9499972F1B0AD1FA00986337 /* Authentication */,
				949997101B09D3E500986337 /* Images.xcassets */,
				949997121B09D3E500986337 /* LaunchScreen.xib */,
				949997031B09D3E500986337 /* Supporting Files */,
			);
			path = TWJieShuQuan;
			sourceTree = "<group>";
		};
		949997031B09D3E500986337 /* Supporting Files */ = {
			isa = PBXGroup;
			children = (
				941F221A1B0E0AE4001ED77D /* Login_BackgroundImage.png */,
				949997041B09D3E500986337 /* Info.plist */,
				949997051B09D3E500986337 /* main.m */,
			);
			name = "Supporting Files";
			sourceTree = "<group>";
		};
		9499971C1B09D3E500986337 /* TWJieShuQuanTests */ = {
			isa = PBXGroup;
			children = (
				9499971F1B09D3E500986337 /* TWJieShuQuanTests.m */,
				9499971D1B09D3E500986337 /* Supporting Files */,
			);
			path = TWJieShuQuanTests;
			sourceTree = "<group>";
		};
		9499971D1B09D3E500986337 /* Supporting Files */ = {
			isa = PBXGroup;
			children = (
				9499971E1B09D3E500986337 /* Info.plist */,
			);
			name = "Supporting Files";
			sourceTree = "<group>";
		};
		9499972F1B0AD1FA00986337 /* Authentication */ = {
			isa = PBXGroup;
			children = (
				949997311B0AD23E00986337 /* Controllers */,
				949997301B0AD23100986337 /* Services */,
			);
			name = Authentication;
			sourceTree = "<group>";
		};
		949997301B0AD23100986337 /* Services */ = {
			isa = PBXGroup;
			children = (
				9499975A1B0B237F00986337 /* AuthService.h */,
				9499975B1B0B237F00986337 /* AuthService.m */,
			);
			name = Services;
			sourceTree = "<group>";
		};
		949997311B0AD23E00986337 /* Controllers */ = {
			isa = PBXGroup;
			children = (
				949997361B0AD83700986337 /* LoginViewController.h */,
				949997371B0AD83700986337 /* LoginViewController.m */,
				949997381B0AD83700986337 /* LoginViewController.xib */,
				941C9D621B0F81ED002021DE /* RegisterViewController.h */,
				941C9D631B0F81ED002021DE /* RegisterViewController.m */,
				941C9D641B0F81ED002021DE /* RegisterViewController.xib */,
			);
			name = Controllers;
			sourceTree = "<group>";
		};
		B34E66A74EAB42EE8F588C97 /* Frameworks */ = {
			isa = PBXGroup;
			children = (
				40039659AA37C1DFCEA6322D /* libPods-TWJieShuQuan.a */,
			);
			name = Frameworks;
			sourceTree = "<group>";
		};
/* End PBXGroup section */

/* Begin PBXNativeTarget section */
		949996FF1B09D3E500986337 /* TWJieShuQuan */ = {
			isa = PBXNativeTarget;
			buildConfigurationList = 949997231B09D3E500986337 /* Build configuration list for PBXNativeTarget "TWJieShuQuan" */;
			buildPhases = (
				1427EA39B108D131E2D9DFC5 /* Check Pods Manifest.lock */,
				949996FC1B09D3E500986337 /* Sources */,
				949996FD1B09D3E500986337 /* Frameworks */,
				949996FE1B09D3E500986337 /* Resources */,
				499DA24CA07BC6A827394CFF /* Copy Pods Resources */,
			);
			buildRules = (
			);
			dependencies = (
			);
			name = TWJieShuQuan;
			productName = TWJieShuQuan;
			productReference = 949997001B09D3E500986337 /* TWJieShuQuan.app */;
			productType = "com.apple.product-type.application";
		};
		949997181B09D3E500986337 /* TWJieShuQuanTests */ = {
			isa = PBXNativeTarget;
			buildConfigurationList = 949997261B09D3E500986337 /* Build configuration list for PBXNativeTarget "TWJieShuQuanTests" */;
			buildPhases = (
				949997151B09D3E500986337 /* Sources */,
				949997161B09D3E500986337 /* Frameworks */,
				949997171B09D3E500986337 /* Resources */,
			);
			buildRules = (
			);
			dependencies = (
				9499971B1B09D3E500986337 /* PBXTargetDependency */,
			);
			name = TWJieShuQuanTests;
			productName = TWJieShuQuanTests;
			productReference = 949997191B09D3E500986337 /* TWJieShuQuanTests.xctest */;
			productType = "com.apple.product-type.bundle.unit-test";
		};
/* End PBXNativeTarget section */

/* Begin PBXProject section */
		949996F81B09D3E500986337 /* Project object */ = {
			isa = PBXProject;
			attributes = {
				LastUpgradeCheck = 0630;
				ORGANIZATIONNAME = Jianing;
				TargetAttributes = {
					949996FF1B09D3E500986337 = {
						CreatedOnToolsVersion = 6.3.1;
					};
					949997181B09D3E500986337 = {
						CreatedOnToolsVersion = 6.3.1;
						TestTargetID = 949996FF1B09D3E500986337;
					};
				};
			};
			buildConfigurationList = 949996FB1B09D3E500986337 /* Build configuration list for PBXProject "TWJieShuQuan" */;
			compatibilityVersion = "Xcode 3.2";
			developmentRegion = English;
			hasScannedForEncodings = 0;
			knownRegions = (
				en,
				Base,
			);
			mainGroup = 949996F71B09D3E500986337;
			productRefGroup = 949997011B09D3E500986337 /* Products */;
			projectDirPath = "";
			projectRoot = "";
			targets = (
				949996FF1B09D3E500986337 /* TWJieShuQuan */,
				949997181B09D3E500986337 /* TWJieShuQuanTests */,
			);
		};
/* End PBXProject section */

/* Begin PBXResourcesBuildPhase section */
		949996FE1B09D3E500986337 /* Resources */ = {
			isa = PBXResourcesBuildPhase;
			buildActionMask = 2147483647;
			files = (
				9499973A1B0AD83700986337 /* LoginViewController.xib in Resources */,
				941C9D661B0F81ED002021DE /* RegisterViewController.xib in Resources */,
				949997141B09D3E500986337 /* LaunchScreen.xib in Resources */,
				941F221B1B0E0AE4001ED77D /* Login_BackgroundImage.png in Resources */,
				949997111B09D3E500986337 /* Images.xcassets in Resources */,
			);
			runOnlyForDeploymentPostprocessing = 0;
		};
		949997171B09D3E500986337 /* Resources */ = {
			isa = PBXResourcesBuildPhase;
			buildActionMask = 2147483647;
			files = (
			);
			runOnlyForDeploymentPostprocessing = 0;
		};
/* End PBXResourcesBuildPhase section */

/* Begin PBXShellScriptBuildPhase section */
		1427EA39B108D131E2D9DFC5 /* Check Pods Manifest.lock */ = {
			isa = PBXShellScriptBuildPhase;
			buildActionMask = 2147483647;
			files = (
			);
			inputPaths = (
			);
			name = "Check Pods Manifest.lock";
			outputPaths = (
			);
			runOnlyForDeploymentPostprocessing = 0;
			shellPath = /bin/sh;
			shellScript = "diff \"${PODS_ROOT}/../Podfile.lock\" \"${PODS_ROOT}/Manifest.lock\" > /dev/null\nif [[ $? != 0 ]] ; then\n    cat << EOM\nerror: The sandbox is not in sync with the Podfile.lock. Run 'pod install' or update your CocoaPods installation.\nEOM\n    exit 1\nfi\n";
			showEnvVarsInLog = 0;
		};
		499DA24CA07BC6A827394CFF /* Copy Pods Resources */ = {
			isa = PBXShellScriptBuildPhase;
			buildActionMask = 2147483647;
			files = (
			);
			inputPaths = (
			);
			name = "Copy Pods Resources";
			outputPaths = (
			);
			runOnlyForDeploymentPostprocessing = 0;
			shellPath = /bin/sh;
			shellScript = "\"${SRCROOT}/Pods/Target Support Files/Pods-TWJieShuQuan/Pods-TWJieShuQuan-resources.sh\"\n";
			showEnvVarsInLog = 0;
		};
/* End PBXShellScriptBuildPhase section */

/* Begin PBXSourcesBuildPhase section */
		949996FC1B09D3E500986337 /* Sources */ = {
			isa = PBXSourcesBuildPhase;
			buildActionMask = 2147483647;
			files = (
				9499975C1B0B237F00986337 /* AuthService.m in Sources */,
				949997091B09D3E500986337 /* AppDelegate.m in Sources */,
				949997061B09D3E500986337 /* main.m in Sources */,
				941C9D5C1B0F7864002021DE /* NSString+Extensions.m in Sources */,
				9499972E1B0AD08F00986337 /* Constants.m in Sources */,
				941C9D601B0F7906002021DE /* CustomAlert.m in Sources */,
				949997391B0AD83700986337 /* LoginViewController.m in Sources */,
				941C9D651B0F81ED002021DE /* RegisterViewController.m in Sources */,
			);
			runOnlyForDeploymentPostprocessing = 0;
		};
		949997151B09D3E500986337 /* Sources */ = {
			isa = PBXSourcesBuildPhase;
			buildActionMask = 2147483647;
			files = (
				949997201B09D3E500986337 /* TWJieShuQuanTests.m in Sources */,
			);
			runOnlyForDeploymentPostprocessing = 0;
		};
/* End PBXSourcesBuildPhase section */

/* Begin PBXTargetDependency section */
		9499971B1B09D3E500986337 /* PBXTargetDependency */ = {
			isa = PBXTargetDependency;
			target = 949996FF1B09D3E500986337 /* TWJieShuQuan */;
			targetProxy = 9499971A1B09D3E500986337 /* PBXContainerItemProxy */;
		};
/* End PBXTargetDependency section */

/* Begin PBXVariantGroup section */
		949997121B09D3E500986337 /* LaunchScreen.xib */ = {
			isa = PBXVariantGroup;
			children = (
				949997131B09D3E500986337 /* Base */,
			);
			name = LaunchScreen.xib;
			sourceTree = "<group>";
		};
/* End PBXVariantGroup section */

/* Begin XCBuildConfiguration section */
		949997211B09D3E500986337 /* Debug */ = {
			isa = XCBuildConfiguration;
			buildSettings = {
				ALWAYS_SEARCH_USER_PATHS = NO;
				CLANG_CXX_LANGUAGE_STANDARD = "gnu++0x";
				CLANG_CXX_LIBRARY = "libc++";
				CLANG_ENABLE_MODULES = YES;
				CLANG_ENABLE_OBJC_ARC = YES;
				CLANG_WARN_BOOL_CONVERSION = YES;
				CLANG_WARN_CONSTANT_CONVERSION = YES;
				CLANG_WARN_DIRECT_OBJC_ISA_USAGE = YES_ERROR;
				CLANG_WARN_EMPTY_BODY = YES;
				CLANG_WARN_ENUM_CONVERSION = YES;
				CLANG_WARN_INT_CONVERSION = YES;
				CLANG_WARN_OBJC_ROOT_CLASS = YES_ERROR;
				CLANG_WARN_UNREACHABLE_CODE = YES;
				CLANG_WARN__DUPLICATE_METHOD_MATCH = YES;
				"CODE_SIGN_IDENTITY[sdk=iphoneos*]" = "iPhone Developer";
				COPY_PHASE_STRIP = NO;
				DEBUG_INFORMATION_FORMAT = "dwarf-with-dsym";
				ENABLE_STRICT_OBJC_MSGSEND = YES;
				GCC_C_LANGUAGE_STANDARD = gnu99;
				GCC_DYNAMIC_NO_PIC = NO;
				GCC_NO_COMMON_BLOCKS = YES;
				GCC_OPTIMIZATION_LEVEL = 0;
				GCC_PREPROCESSOR_DEFINITIONS = (
					"DEBUG=1",
					"$(inherited)",
				);
				GCC_SYMBOLS_PRIVATE_EXTERN = NO;
				GCC_WARN_64_TO_32_BIT_CONVERSION = YES;
				GCC_WARN_ABOUT_RETURN_TYPE = YES_ERROR;
				GCC_WARN_UNDECLARED_SELECTOR = YES;
				GCC_WARN_UNINITIALIZED_AUTOS = YES_AGGRESSIVE;
				GCC_WARN_UNUSED_FUNCTION = YES;
				GCC_WARN_UNUSED_VARIABLE = YES;
				IPHONEOS_DEPLOYMENT_TARGET = 8.3;
				MTL_ENABLE_DEBUG_INFO = YES;
				ONLY_ACTIVE_ARCH = YES;
				SDKROOT = iphoneos;
				TARGETED_DEVICE_FAMILY = "1,2";
			};
			name = Debug;
		};
		949997221B09D3E500986337 /* Release */ = {
			isa = XCBuildConfiguration;
			buildSettings = {
				ALWAYS_SEARCH_USER_PATHS = NO;
				CLANG_CXX_LANGUAGE_STANDARD = "gnu++0x";
				CLANG_CXX_LIBRARY = "libc++";
				CLANG_ENABLE_MODULES = YES;
				CLANG_ENABLE_OBJC_ARC = YES;
				CLANG_WARN_BOOL_CONVERSION = YES;
				CLANG_WARN_CONSTANT_CONVERSION = YES;
				CLANG_WARN_DIRECT_OBJC_ISA_USAGE = YES_ERROR;
				CLANG_WARN_EMPTY_BODY = YES;
				CLANG_WARN_ENUM_CONVERSION = YES;
				CLANG_WARN_INT_CONVERSION = YES;
				CLANG_WARN_OBJC_ROOT_CLASS = YES_ERROR;
				CLANG_WARN_UNREACHABLE_CODE = YES;
				CLANG_WARN__DUPLICATE_METHOD_MATCH = YES;
				"CODE_SIGN_IDENTITY[sdk=iphoneos*]" = "iPhone Developer";
				COPY_PHASE_STRIP = NO;
				DEBUG_INFORMATION_FORMAT = "dwarf-with-dsym";
				ENABLE_NS_ASSERTIONS = NO;
				ENABLE_STRICT_OBJC_MSGSEND = YES;
				GCC_C_LANGUAGE_STANDARD = gnu99;
				GCC_NO_COMMON_BLOCKS = YES;
				GCC_WARN_64_TO_32_BIT_CONVERSION = YES;
				GCC_WARN_ABOUT_RETURN_TYPE = YES_ERROR;
				GCC_WARN_UNDECLARED_SELECTOR = YES;
				GCC_WARN_UNINITIALIZED_AUTOS = YES_AGGRESSIVE;
				GCC_WARN_UNUSED_FUNCTION = YES;
				GCC_WARN_UNUSED_VARIABLE = YES;
				IPHONEOS_DEPLOYMENT_TARGET = 8.3;
				MTL_ENABLE_DEBUG_INFO = NO;
				SDKROOT = iphoneos;
				TARGETED_DEVICE_FAMILY = "1,2";
				VALIDATE_PRODUCT = YES;
			};
			name = Release;
		};
		949997241B09D3E500986337 /* Debug */ = {
			isa = XCBuildConfiguration;
			baseConfigurationReference = BF2F57A18609299496A9CF80 /* Pods-TWJieShuQuan.debug.xcconfig */;
			buildSettings = {
				ASSETCATALOG_COMPILER_APPICON_NAME = AppIcon;
				INFOPLIST_FILE = TWJieShuQuan/Info.plist;
				LD_RUNPATH_SEARCH_PATHS = "$(inherited) @executable_path/Frameworks";
				PRODUCT_NAME = "$(TARGET_NAME)";
			};
			name = Debug;
		};
		949997251B09D3E500986337 /* Release */ = {
			isa = XCBuildConfiguration;
			baseConfigurationReference = FD885F8C87A3D68AAE517265 /* Pods-TWJieShuQuan.release.xcconfig */;
			buildSettings = {
				ASSETCATALOG_COMPILER_APPICON_NAME = AppIcon;
				INFOPLIST_FILE = TWJieShuQuan/Info.plist;
				LD_RUNPATH_SEARCH_PATHS = "$(inherited) @executable_path/Frameworks";
				PRODUCT_NAME = "$(TARGET_NAME)";
			};
			name = Release;
		};
		949997271B09D3E500986337 /* Debug */ = {
			isa = XCBuildConfiguration;
			buildSettings = {
				BUNDLE_LOADER = "$(TEST_HOST)";
				FRAMEWORK_SEARCH_PATHS = (
					"$(SDKROOT)/Developer/Library/Frameworks",
					"$(inherited)",
				);
				GCC_PREPROCESSOR_DEFINITIONS = (
					"DEBUG=1",
					"$(inherited)",
				);
				INFOPLIST_FILE = TWJieShuQuanTests/Info.plist;
				LD_RUNPATH_SEARCH_PATHS = "$(inherited) @executable_path/Frameworks @loader_path/Frameworks";
				PRODUCT_NAME = "$(TARGET_NAME)";
				TEST_HOST = "$(BUILT_PRODUCTS_DIR)/TWJieShuQuan.app/TWJieShuQuan";
			};
			name = Debug;
		};
		949997281B09D3E500986337 /* Release */ = {
			isa = XCBuildConfiguration;
			buildSettings = {
				BUNDLE_LOADER = "$(TEST_HOST)";
				FRAMEWORK_SEARCH_PATHS = (
					"$(SDKROOT)/Developer/Library/Frameworks",
					"$(inherited)",
				);
				INFOPLIST_FILE = TWJieShuQuanTests/Info.plist;
				LD_RUNPATH_SEARCH_PATHS = "$(inherited) @executable_path/Frameworks @loader_path/Frameworks";
				PRODUCT_NAME = "$(TARGET_NAME)";
				TEST_HOST = "$(BUILT_PRODUCTS_DIR)/TWJieShuQuan.app/TWJieShuQuan";
			};
			name = Release;
		};
/* End XCBuildConfiguration section */

/* Begin XCConfigurationList section */
		949996FB1B09D3E500986337 /* Build configuration list for PBXProject "TWJieShuQuan" */ = {
			isa = XCConfigurationList;
			buildConfigurations = (
				949997211B09D3E500986337 /* Debug */,
				949997221B09D3E500986337 /* Release */,
			);
			defaultConfigurationIsVisible = 0;
			defaultConfigurationName = Release;
		};
		949997231B09D3E500986337 /* Build configuration list for PBXNativeTarget "TWJieShuQuan" */ = {
			isa = XCConfigurationList;
			buildConfigurations = (
				949997241B09D3E500986337 /* Debug */,
				949997251B09D3E500986337 /* Release */,
			);
			defaultConfigurationIsVisible = 0;
			defaultConfigurationName = Release;
		};
		949997261B09D3E500986337 /* Build configuration list for PBXNativeTarget "TWJieShuQuanTests" */ = {
			isa = XCConfigurationList;
			buildConfigurations = (
				949997271B09D3E500986337 /* Debug */,
				949997281B09D3E500986337 /* Release */,
			);
			defaultConfigurationIsVisible = 0;
			defaultConfigurationName = Release;
		};
/* End XCConfigurationList section */
	};
	rootObject = 949996F81B09D3E500986337 /* Project object */;
}
